
Microsoft Visual Studio Solution File, Format Version 12.00
# Visual Studio 15
VisualStudioVersion = 15.0.28307.102
MinimumVisualStudioVersion = 10.0.40219.1
Project("{2150E333-8FDC-42A3-9474-1A3956D46DE8}") = "Lab", "Lab", "{15069F20-8F20-434F-A8B6-AC7DF42ABE4E}"
EndProject
Project("{9A19103F-16F7-4668-BE54-9A1E7A4F7556}") = "Stealer", "Stealer\Stealer.csproj", "{1F52C632-D60B-42EB-8F4C-0E63FA37BA43}"
EndProject
Project("{9A19103F-16F7-4668-BE54-9A1E7A4F7556}") = "HighQualityMistakes", "HighQualityMistakes\HighQualityMistakes.csproj", "{40E175D2-DD5C-4D0A-B581-4429B6A04E24}"
EndProject
Project("{9A19103F-16F7-4668-BE54-9A1E7A4F7556}") = "MissionPrivateImpossible", "MissionPrivateImpossible\MissionPrivateImpossible.csproj", "{9F3CF190-9DCC-4249-8F8B-FF342F0CFE3A}"
EndProject
Project("{9A19103F-16F7-4668-BE54-9A1E7A4F7556}") = "Collector", "Collector\Collector.csproj", "{D64E0C5D-FB42-4588-A062-E2BC008D1EC6}"
EndProject
Project("{9A19103F-16F7-4668-BE54-9A1E7A4F7556}") = "CreateAttribute", "CreateAttribute\CreateAttribute.csproj", "{7958004B-E8D7-4B72-B17D-CC9651C3BA02}"
EndProject
Project("{9A19103F-16F7-4668-BE54-9A1E7A4F7556}") = "CodingTracker", "CodingTracker\CodingTracker.csproj", "{8113876F-D6B0-4CAA-B118-496D358F36BB}"
EndProject
Project("{2150E333-8FDC-42A3-9474-1A3956D46DE8}") = "Exercises", "Exercises", "{21C98184-BB4D-43EB-A38E-7175FD86BE8C}"
EndProject
Project("{9A19103F-16F7-4668-BE54-9A1E7A4F7556}") = "P01_HarvestingFields", "HarvestingFields\P01_HarvestingFields.csproj", "{321A3169-FA9A-4448-9BE0-3EB1A2A99C6C}"
EndProject
Project("{9A19103F-16F7-4668-BE54-9A1E7A4F7556}") = "P02_BlackBoxInteger", "P02_BlackBoxInteger\P02_BlackBoxInteger.csproj", "{8120D2AA-8737-4848-8A57-DA132CF1C291}"
EndProject
Project("{9A19103F-16F7-4668-BE54-9A1E7A4F7556}") = "P03_BarraksWars", "P03_BarraksWars\P03_BarraksWars.csproj", "{0F75CA3B-2B04-447B-B827-554A2DACB211}"
EndProject
Project("{9A19103F-16F7-4668-BE54-9A1E7A4F7556}") = "TrafficLights", "TrafficLights\TrafficLights.csproj", "{6E457221-A052-42F6-A080-51626FCB2144}"
EndProject
Project("{FAE04EC0-301F-11D3-BF4B-00C04F79EFBC}") = "InfernoInfinity", "InfernoInfinity\InfernoInfinity.csproj", "{C4048F7C-75C4-44CA-9069-4490C2F5D82B}"
EndProject
Global
	GlobalSection(SolutionConfigurationPlatforms) = preSolution
		Debug|Any CPU = Debug|Any CPU
		Release|Any CPU = Release|Any CPU
	EndGlobalSection
	GlobalSection(ProjectConfigurationPlatforms) = postSolution
		{1F52C632-D60B-42EB-8F4C-0E63FA37BA43}.Debug|Any CPU.ActiveCfg = Debug|Any CPU
		{1F52C632-D60B-42EB-8F4C-0E63FA37BA43}.Debug|Any CPU.Build.0 = Debug|Any CPU
		{1F52C632-D60B-42EB-8F4C-0E63FA37BA43}.Release|Any CPU.ActiveCfg = Release|Any CPU
		{1F52C632-D60B-42EB-8F4C-0E63FA37BA43}.Release|Any CPU.Build.0 = Release|Any CPU
		{40E175D2-DD5C-4D0A-B581-4429B6A04E24}.Debug|Any CPU.ActiveCfg = Debug|Any CPU
		{40E175D2-DD5C-4D0A-B581-4429B6A04E24}.Debug|Any CPU.Build.0 = Debug|Any CPU
		{40E175D2-DD5C-4D0A-B581-4429B6A04E24}.Release|Any CPU.ActiveCfg = Release|Any CPU
		{40E175D2-DD5C-4D0A-B581-4429B6A04E24}.Release|Any CPU.Build.0 = Release|Any CPU
		{9F3CF190-9DCC-4249-8F8B-FF342F0CFE3A}.Debug|Any CPU.ActiveCfg = Debug|Any CPU
		{9F3CF190-9DCC-4249-8F8B-FF342F0CFE3A}.Debug|Any CPU.Build.0 = Debug|Any CPU
		{9F3CF190-9DCC-4249-8F8B-FF342F0CFE3A}.Release|Any CPU.ActiveCfg = Release|Any CPU
		{9F3CF190-9DCC-4249-8F8B-FF342F0CFE3A}.Release|Any CPU.Build.0 = Release|Any CPU
		{D64E0C5D-FB42-4588-A062-E2BC008D1EC6}.Debug|Any CPU.ActiveCfg = Debug|Any CPU
		{D64E0C5D-FB42-4588-A062-E2BC008D1EC6}.Debug|Any CPU.Build.0 = Debug|Any CPU
		{D64E0C5D-FB42-4588-A062-E2BC008D1EC6}.Release|Any CPU.ActiveCfg = Release|Any CPU
		{D64E0C5D-FB42-4588-A062-E2BC008D1EC6}.Release|Any CPU.Build.0 = Release|Any CPU
		{7958004B-E8D7-4B72-B17D-CC9651C3BA02}.Debug|Any CPU.ActiveCfg = Debug|Any CPU
		{7958004B-E8D7-4B72-B17D-CC9651C3BA02}.Debug|Any CPU.Build.0 = Debug|Any CPU
		{7958004B-E8D7-4B72-B17D-CC9651C3BA02}.Release|Any CPU.ActiveCfg = Release|Any CPU
		{7958004B-E8D7-4B72-B17D-CC9651C3BA02}.Release|Any CPU.Build.0 = Release|Any CPU
		{8113876F-D6B0-4CAA-B118-496D358F36BB}.Debug|Any CPU.ActiveCfg = Debug|Any CPU
		{8113876F-D6B0-4CAA-B118-496D358F36BB}.Debug|Any CPU.Build.0 = Debug|Any CPU
		{8113876F-D6B0-4CAA-B118-496D358F36BB}.Release|Any CPU.ActiveCfg = Release|Any CPU
		{8113876F-D6B0-4CAA-B118-496D358F36BB}.Release|Any CPU.Build.0 = Release|Any CPU
		{321A3169-FA9A-4448-9BE0-3EB1A2A99C6C}.Debug|Any CPU.ActiveCfg = Debug|Any CPU
		{321A3169-FA9A-4448-9BE0-3EB1A2A99C6C}.Debug|Any CPU.Build.0 = Debug|Any CPU
		{321A3169-FA9A-4448-9BE0-3EB1A2A99C6C}.Release|Any CPU.ActiveCfg = Release|Any CPU
		{321A3169-FA9A-4448-9BE0-3EB1A2A99C6C}.Release|Any CPU.Build.0 = Release|Any CPU
		{8120D2AA-8737-4848-8A57-DA132CF1C291}.Debug|Any CPU.ActiveCfg = Debug|Any CPU
		{8120D2AA-8737-4848-8A57-DA132CF1C291}.Debug|Any CPU.Build.0 = Debug|Any CPU
		{8120D2AA-8737-4848-8A57-DA132CF1C291}.Release|Any CPU.ActiveCfg = Release|Any CPU
		{8120D2AA-8737-4848-8A57-DA132CF1C291}.Release|Any CPU.Build.0 = Release|Any CPU
		{0F75CA3B-2B04-447B-B827-554A2DACB211}.Debug|Any CPU.ActiveCfg = Debug|Any CPU
		{0F75CA3B-2B04-447B-B827-554A2DACB211}.Debug|Any CPU.Build.0 = Debug|Any CPU
		{0F75CA3B-2B04-447B-B827-554A2DACB211}.Release|Any CPU.ActiveCfg = Release|Any CPU
		{0F75CA3B-2B04-447B-B827-554A2DACB211}.Release|Any CPU.Build.0 = Release|Any CPU
		{6E457221-A052-42F6-A080-51626FCB2144}.Debug|Any CPU.ActiveCfg = Debug|Any CPU
		{6E457221-A052-42F6-A080-51626FCB2144}.Debug|Any CPU.Build.0 = Debug|Any CPU
		{6E457221-A052-42F6-A080-51626FCB2144}.Release|Any CPU.ActiveCfg = Release|Any CPU
		{6E457221-A052-42F6-A080-51626FCB2144}.Release|Any CPU.Build.0 = Release|Any CPU
		{C4048F7C-75C4-44CA-9069-4490C2F5D82B}.Debug|Any CPU.ActiveCfg = Debug|Any CPU
		{C4048F7C-75C4-44CA-9069-4490C2F5D82B}.Debug|Any CPU.Build.0 = Debug|Any CPU
		{C4048F7C-75C4-44CA-9069-4490C2F5D82B}.Release|Any CPU.ActiveCfg = Release|Any CPU
		{C4048F7C-75C4-44CA-9069-4490C2F5D82B}.Release|Any CPU.Build.0 = Release|Any CPU
	EndGlobalSection
	GlobalSection(SolutionProperties) = preSolution
		HideSolutionNode = FALSE
	EndGlobalSection
	GlobalSection(NestedProjects) = preSolution
		{1F52C632-D60B-42EB-8F4C-0E63FA37BA43} = {15069F20-8F20-434F-A8B6-AC7DF42ABE4E}
		{40E175D2-DD5C-4D0A-B581-4429B6A04E24} = {15069F20-8F20-434F-A8B6-AC7DF42ABE4E}
		{9F3CF190-9DCC-4249-8F8B-FF342F0CFE3A} = {15069F20-8F20-434F-A8B6-AC7DF42ABE4E}
		{D64E0C5D-FB42-4588-A062-E2BC008D1EC6} = {15069F20-8F20-434F-A8B6-AC7DF42ABE4E}
		{7958004B-E8D7-4B72-B17D-CC9651C3BA02} = {15069F20-8F20-434F-A8B6-AC7DF42ABE4E}
		{8113876F-D6B0-4CAA-B118-496D358F36BB} = {15069F20-8F20-434F-A8B6-AC7DF42ABE4E}
		{321A3169-FA9A-4448-9BE0-3EB1A2A99C6C} = {21C98184-BB4D-43EB-A38E-7175FD86BE8C}
		{8120D2AA-8737-4848-8A57-DA132CF1C291} = {21C98184-BB4D-43EB-A38E-7175FD86BE8C}
		{0F75CA3B-2B04-447B-B827-554A2DACB211} = {21C98184-BB4D-43EB-A38E-7175FD86BE8C}
		{6E457221-A052-42F6-A080-51626FCB2144} = {21C98184-BB4D-43EB-A38E-7175FD86BE8C}
		{C4048F7C-75C4-44CA-9069-4490C2F5D82B} = {21C98184-BB4D-43EB-A38E-7175FD86BE8C}
	EndGlobalSection
	GlobalSection(ExtensibilityGlobals) = postSolution
		SolutionGuid = {B8222289-D006-4992-99CD-4C781C1795FC}
	EndGlobalSection
EndGlobal
