
Microsoft Visual Studio Solution File, Format Version 12.00
# Visual Studio 15
VisualStudioVersion = 15.0.28010.2046
MinimumVisualStudioVersion = 10.0.40219.1
Project("{FAE04EC0-301F-11D3-BF4B-00C04F79EFBC}") = "L1_SortPersonsByNameAndAge", "L1_SortPersonsByNameAndAge\L1_SortPersonsByNameAndAge.csproj", "{9EEF3466-8692-4246-8839-1E2F2D52DBA2}"
EndProject
Project("{9A19103F-16F7-4668-BE54-9A1E7A4F7556}") = "L2_SalaryIncrease", "L2_SalaryIncrease\L2_SalaryIncrease.csproj", "{A3C08359-CCF2-47B3-877D-17D9EDEFDA1B}"
EndProject
Project("{FAE04EC0-301F-11D3-BF4B-00C04F79EFBC}") = "L3_ValidationOfData", "L3_ValidationOfData\L3_ValidationOfData.csproj", "{8A0F9D9B-8BEF-4F16-B50F-586AF57AEF04}"
EndProject
Project("{FAE04EC0-301F-11D3-BF4B-00C04F79EFBC}") = "L4_FirstAndReserveTeam", "L4_FirstAndReserveTeam\L4_FirstAndReserveTeam.csproj", "{92A474E3-2AF4-4282-9A90-156EE36020ED}"
EndProject
Project("{2150E333-8FDC-42A3-9474-1A3956D46DE8}") = "Lab", "Lab", "{C48D7B0C-334B-4611-8B92-805042C9EC39}"
EndProject
Project("{2150E333-8FDC-42A3-9474-1A3956D46DE8}") = "Exercises", "Exercises", "{98B8AC69-AEB9-47D6-8F50-02DEAEF4371D}"
EndProject
Project("{FAE04EC0-301F-11D3-BF4B-00C04F79EFBC}") = "P1_ClassBox", "P1_ClassBox\P1_ClassBox.csproj", "{864BE56E-A289-41FC-B767-EB86380871C5}"
EndProject
Project("{FAE04EC0-301F-11D3-BF4B-00C04F79EFBC}") = "P2_ClassBoxDataValidation", "P2_ClassBoxDataValidation\P2_ClassBoxDataValidation.csproj", "{1FD3C291-4397-4974-87B6-08F39BF41FE5}"
EndProject
Project("{FAE04EC0-301F-11D3-BF4B-00C04F79EFBC}") = "P3_AnimalFarm", "P3_AnimalFarm\P3_AnimalFarm.csproj", "{56979F29-BD52-483D-A873-73715A340F31}"
EndProject
Project("{FAE04EC0-301F-11D3-BF4B-00C04F79EFBC}") = "P4_ShoppingSpree", "P4_ShoppingSpree\P4_ShoppingSpree.csproj", "{8ACF01A8-DFBB-4EB5-B106-BF6014CC91DC}"
EndProject
Project("{FAE04EC0-301F-11D3-BF4B-00C04F79EFBC}") = "P5_PizzaCalories", "P5_PizzaCalories\P5_PizzaCalories.csproj", "{AE23A5CA-48F1-4F28-AFD5-3D3443772C55}"
EndProject
Project("{FAE04EC0-301F-11D3-BF4B-00C04F79EFBC}") = "P6_FootballTeamGenerator", "P6_FootballTeamGenerator\P6_FootballTeamGenerator.csproj", "{A3B63AB7-F87C-4EE6-930D-D748838EB092}"
EndProject
Global
	GlobalSection(SolutionConfigurationPlatforms) = preSolution
		Debug|Any CPU = Debug|Any CPU
		Release|Any CPU = Release|Any CPU
	EndGlobalSection
	GlobalSection(ProjectConfigurationPlatforms) = postSolution
		{9EEF3466-8692-4246-8839-1E2F2D52DBA2}.Debug|Any CPU.ActiveCfg = Debug|Any CPU
		{9EEF3466-8692-4246-8839-1E2F2D52DBA2}.Debug|Any CPU.Build.0 = Debug|Any CPU
		{9EEF3466-8692-4246-8839-1E2F2D52DBA2}.Release|Any CPU.ActiveCfg = Release|Any CPU
		{9EEF3466-8692-4246-8839-1E2F2D52DBA2}.Release|Any CPU.Build.0 = Release|Any CPU
		{A3C08359-CCF2-47B3-877D-17D9EDEFDA1B}.Debug|Any CPU.ActiveCfg = Debug|Any CPU
		{A3C08359-CCF2-47B3-877D-17D9EDEFDA1B}.Debug|Any CPU.Build.0 = Debug|Any CPU
		{A3C08359-CCF2-47B3-877D-17D9EDEFDA1B}.Release|Any CPU.ActiveCfg = Release|Any CPU
		{A3C08359-CCF2-47B3-877D-17D9EDEFDA1B}.Release|Any CPU.Build.0 = Release|Any CPU
		{8A0F9D9B-8BEF-4F16-B50F-586AF57AEF04}.Debug|Any CPU.ActiveCfg = Debug|Any CPU
		{8A0F9D9B-8BEF-4F16-B50F-586AF57AEF04}.Debug|Any CPU.Build.0 = Debug|Any CPU
		{8A0F9D9B-8BEF-4F16-B50F-586AF57AEF04}.Release|Any CPU.ActiveCfg = Release|Any CPU
		{8A0F9D9B-8BEF-4F16-B50F-586AF57AEF04}.Release|Any CPU.Build.0 = Release|Any CPU
		{92A474E3-2AF4-4282-9A90-156EE36020ED}.Debug|Any CPU.ActiveCfg = Debug|Any CPU
		{92A474E3-2AF4-4282-9A90-156EE36020ED}.Debug|Any CPU.Build.0 = Debug|Any CPU
		{92A474E3-2AF4-4282-9A90-156EE36020ED}.Release|Any CPU.ActiveCfg = Release|Any CPU
		{92A474E3-2AF4-4282-9A90-156EE36020ED}.Release|Any CPU.Build.0 = Release|Any CPU
		{864BE56E-A289-41FC-B767-EB86380871C5}.Debug|Any CPU.ActiveCfg = Debug|Any CPU
		{864BE56E-A289-41FC-B767-EB86380871C5}.Debug|Any CPU.Build.0 = Debug|Any CPU
		{864BE56E-A289-41FC-B767-EB86380871C5}.Release|Any CPU.ActiveCfg = Release|Any CPU
		{864BE56E-A289-41FC-B767-EB86380871C5}.Release|Any CPU.Build.0 = Release|Any CPU
		{1FD3C291-4397-4974-87B6-08F39BF41FE5}.Debug|Any CPU.ActiveCfg = Debug|Any CPU
		{1FD3C291-4397-4974-87B6-08F39BF41FE5}.Debug|Any CPU.Build.0 = Debug|Any CPU
		{1FD3C291-4397-4974-87B6-08F39BF41FE5}.Release|Any CPU.ActiveCfg = Release|Any CPU
		{1FD3C291-4397-4974-87B6-08F39BF41FE5}.Release|Any CPU.Build.0 = Release|Any CPU
		{56979F29-BD52-483D-A873-73715A340F31}.Debug|Any CPU.ActiveCfg = Debug|Any CPU
		{56979F29-BD52-483D-A873-73715A340F31}.Debug|Any CPU.Build.0 = Debug|Any CPU
		{56979F29-BD52-483D-A873-73715A340F31}.Release|Any CPU.ActiveCfg = Release|Any CPU
		{56979F29-BD52-483D-A873-73715A340F31}.Release|Any CPU.Build.0 = Release|Any CPU
		{8ACF01A8-DFBB-4EB5-B106-BF6014CC91DC}.Debug|Any CPU.ActiveCfg = Debug|Any CPU
		{8ACF01A8-DFBB-4EB5-B106-BF6014CC91DC}.Debug|Any CPU.Build.0 = Debug|Any CPU
		{8ACF01A8-DFBB-4EB5-B106-BF6014CC91DC}.Release|Any CPU.ActiveCfg = Release|Any CPU
		{8ACF01A8-DFBB-4EB5-B106-BF6014CC91DC}.Release|Any CPU.Build.0 = Release|Any CPU
		{AE23A5CA-48F1-4F28-AFD5-3D3443772C55}.Debug|Any CPU.ActiveCfg = Debug|Any CPU
		{AE23A5CA-48F1-4F28-AFD5-3D3443772C55}.Debug|Any CPU.Build.0 = Debug|Any CPU
		{AE23A5CA-48F1-4F28-AFD5-3D3443772C55}.Release|Any CPU.ActiveCfg = Release|Any CPU
		{AE23A5CA-48F1-4F28-AFD5-3D3443772C55}.Release|Any CPU.Build.0 = Release|Any CPU
		{A3B63AB7-F87C-4EE6-930D-D748838EB092}.Debug|Any CPU.ActiveCfg = Debug|Any CPU
		{A3B63AB7-F87C-4EE6-930D-D748838EB092}.Debug|Any CPU.Build.0 = Debug|Any CPU
		{A3B63AB7-F87C-4EE6-930D-D748838EB092}.Release|Any CPU.ActiveCfg = Release|Any CPU
		{A3B63AB7-F87C-4EE6-930D-D748838EB092}.Release|Any CPU.Build.0 = Release|Any CPU
	EndGlobalSection
	GlobalSection(SolutionProperties) = preSolution
		HideSolutionNode = FALSE
	EndGlobalSection
	GlobalSection(NestedProjects) = preSolution
		{9EEF3466-8692-4246-8839-1E2F2D52DBA2} = {C48D7B0C-334B-4611-8B92-805042C9EC39}
		{A3C08359-CCF2-47B3-877D-17D9EDEFDA1B} = {C48D7B0C-334B-4611-8B92-805042C9EC39}
		{8A0F9D9B-8BEF-4F16-B50F-586AF57AEF04} = {C48D7B0C-334B-4611-8B92-805042C9EC39}
		{92A474E3-2AF4-4282-9A90-156EE36020ED} = {C48D7B0C-334B-4611-8B92-805042C9EC39}
		{864BE56E-A289-41FC-B767-EB86380871C5} = {98B8AC69-AEB9-47D6-8F50-02DEAEF4371D}
		{1FD3C291-4397-4974-87B6-08F39BF41FE5} = {98B8AC69-AEB9-47D6-8F50-02DEAEF4371D}
		{56979F29-BD52-483D-A873-73715A340F31} = {98B8AC69-AEB9-47D6-8F50-02DEAEF4371D}
		{8ACF01A8-DFBB-4EB5-B106-BF6014CC91DC} = {98B8AC69-AEB9-47D6-8F50-02DEAEF4371D}
		{AE23A5CA-48F1-4F28-AFD5-3D3443772C55} = {98B8AC69-AEB9-47D6-8F50-02DEAEF4371D}
		{A3B63AB7-F87C-4EE6-930D-D748838EB092} = {98B8AC69-AEB9-47D6-8F50-02DEAEF4371D}
	EndGlobalSection
	GlobalSection(ExtensibilityGlobals) = postSolution
		SolutionGuid = {D0DA76E7-67CF-469E-9947-18123F31C776}
	EndGlobalSection
EndGlobal
