
Microsoft Visual Studio Solution File, Format Version 12.00
# Visual Studio 15
VisualStudioVersion = 15.0.28307.421
MinimumVisualStudioVersion = 10.0.40219.1
Project("{2150E333-8FDC-42A3-9474-1A3956D46DE8}") = "Lab", "Lab", "{B49612A8-7E01-43C0-8DF8-F395ACD33E83}"
EndProject
Project("{9A19103F-16F7-4668-BE54-9A1E7A4F7556}") = "L01_RecursiveArraySum", "L01_RecursiveArraySum\L01_RecursiveArraySum.csproj", "{A7CFD9AE-1D50-4786-932B-DF34ADBF03D4}"
EndProject
Project("{9A19103F-16F7-4668-BE54-9A1E7A4F7556}") = "L02_RecursiveFactorial", "L02_RecursiveFactorial\L02_RecursiveFactorial.csproj", "{76412D15-98E4-4D93-8ADD-DAEFB409BE56}"
EndProject
Project("{9A19103F-16F7-4668-BE54-9A1E7A4F7556}") = "L03_RecursiveDrawing", "L03_RecursiveDrawing\L03_RecursiveDrawing.csproj", "{6128B174-F84D-4743-9E7E-80A783F8F7E9}"
EndProject
Project("{9A19103F-16F7-4668-BE54-9A1E7A4F7556}") = "L04_Generating01Vectors", "L04_Generating01Vectors\L04_Generating01Vectors.csproj", "{044865D4-A477-4148-A54C-F074332CFF43}"
EndProject
Project("{9A19103F-16F7-4668-BE54-9A1E7A4F7556}") = "L05_GeneratingCombinations", "L05_GeneratingCombinations\L05_GeneratingCombinations.csproj", "{F9EDAB30-4004-473D-9372-6062BB8AFFF9}"
EndProject
Project("{9A19103F-16F7-4668-BE54-9A1E7A4F7556}") = "L06_8QueensPuzzle", "L06_8QueensPuzzle\L06_8QueensPuzzle.csproj", "{65AFB915-3A06-4A30-AB31-C2706D2B5D9F}"
EndProject
Project("{9A19103F-16F7-4668-BE54-9A1E7A4F7556}") = "L07_PathsInLabyrinth", "L07_PathsInLabyrinth\L07_PathsInLabyrinth.csproj", "{DA39C17C-FC32-4CC7-B4C2-E3B685614112}"
EndProject
Project("{2150E333-8FDC-42A3-9474-1A3956D46DE8}") = "Homework", "Homework", "{9C66B0AE-2A31-4B0E-ACA6-C20480AF702F}"
EndProject
Project("{9A19103F-16F7-4668-BE54-9A1E7A4F7556}") = "P01_ReverseArray", "P01_ReverseArray\P01_ReverseArray.csproj", "{5A09B880-DE68-4F11-8B81-0E7F2BBAD47C}"
EndProject
Project("{9A19103F-16F7-4668-BE54-9A1E7A4F7556}") = "P02_NestedLoopsToRecursion", "P02_NestedLoopsToRecursion\P02_NestedLoopsToRecursion.csproj", "{36851FCC-0C93-4C42-8AB8-49905F1776FA}"
EndProject
Project("{9A19103F-16F7-4668-BE54-9A1E7A4F7556}") = "P03_CombinationsWithRepetition", "P03_CombinationsWithRepetition\P03_CombinationsWithRepetition.csproj", "{4FC401AF-A2F3-4F0A-8118-FF939E632994}"
EndProject
Project("{9A19103F-16F7-4668-BE54-9A1E7A4F7556}") = "P01_DynamicProgramming", "ConsoleApp1\P01_DynamicProgramming.csproj", "{674E0D5B-E671-4FC2-8E64-FD9E8E7091F5}"
EndProject
Project("{9A19103F-16F7-4668-BE54-9A1E7A4F7556}") = "P04_TowerOfHanoi", "P04_TowerOfHanoi\P04_TowerOfHanoi.csproj", "{7FFD6429-4363-40A4-9905-81974CD67759}"
EndProject
Project("{9A19103F-16F7-4668-BE54-9A1E7A4F7556}") = "P05_CombinationsWithoutRepetition", "P05_CombinationsWithoutRepetition\P05_CombinationsWithoutRepetition.csproj", "{0B2496CB-7C3A-4509-B1EA-0999C8346E9D}"
EndProject
Project("{FAE04EC0-301F-11D3-BF4B-00C04F79EFBC}") = "P06_ConnectedAreasInAMatrix", "P06_ConnectedAreasInAMatrix\P06_ConnectedAreasInAMatrix.csproj", "{21981115-C74E-4C29-9F60-B206AFFDB32F}"
EndProject
Global
	GlobalSection(SolutionConfigurationPlatforms) = preSolution
		Debug|Any CPU = Debug|Any CPU
		Release|Any CPU = Release|Any CPU
	EndGlobalSection
	GlobalSection(ProjectConfigurationPlatforms) = postSolution
		{A7CFD9AE-1D50-4786-932B-DF34ADBF03D4}.Debug|Any CPU.ActiveCfg = Debug|Any CPU
		{A7CFD9AE-1D50-4786-932B-DF34ADBF03D4}.Debug|Any CPU.Build.0 = Debug|Any CPU
		{A7CFD9AE-1D50-4786-932B-DF34ADBF03D4}.Release|Any CPU.ActiveCfg = Release|Any CPU
		{A7CFD9AE-1D50-4786-932B-DF34ADBF03D4}.Release|Any CPU.Build.0 = Release|Any CPU
		{76412D15-98E4-4D93-8ADD-DAEFB409BE56}.Debug|Any CPU.ActiveCfg = Debug|Any CPU
		{76412D15-98E4-4D93-8ADD-DAEFB409BE56}.Debug|Any CPU.Build.0 = Debug|Any CPU
		{76412D15-98E4-4D93-8ADD-DAEFB409BE56}.Release|Any CPU.ActiveCfg = Release|Any CPU
		{76412D15-98E4-4D93-8ADD-DAEFB409BE56}.Release|Any CPU.Build.0 = Release|Any CPU
		{6128B174-F84D-4743-9E7E-80A783F8F7E9}.Debug|Any CPU.ActiveCfg = Debug|Any CPU
		{6128B174-F84D-4743-9E7E-80A783F8F7E9}.Debug|Any CPU.Build.0 = Debug|Any CPU
		{6128B174-F84D-4743-9E7E-80A783F8F7E9}.Release|Any CPU.ActiveCfg = Release|Any CPU
		{6128B174-F84D-4743-9E7E-80A783F8F7E9}.Release|Any CPU.Build.0 = Release|Any CPU
		{044865D4-A477-4148-A54C-F074332CFF43}.Debug|Any CPU.ActiveCfg = Debug|Any CPU
		{044865D4-A477-4148-A54C-F074332CFF43}.Debug|Any CPU.Build.0 = Debug|Any CPU
		{044865D4-A477-4148-A54C-F074332CFF43}.Release|Any CPU.ActiveCfg = Release|Any CPU
		{044865D4-A477-4148-A54C-F074332CFF43}.Release|Any CPU.Build.0 = Release|Any CPU
		{F9EDAB30-4004-473D-9372-6062BB8AFFF9}.Debug|Any CPU.ActiveCfg = Debug|Any CPU
		{F9EDAB30-4004-473D-9372-6062BB8AFFF9}.Debug|Any CPU.Build.0 = Debug|Any CPU
		{F9EDAB30-4004-473D-9372-6062BB8AFFF9}.Release|Any CPU.ActiveCfg = Release|Any CPU
		{F9EDAB30-4004-473D-9372-6062BB8AFFF9}.Release|Any CPU.Build.0 = Release|Any CPU
		{65AFB915-3A06-4A30-AB31-C2706D2B5D9F}.Debug|Any CPU.ActiveCfg = Debug|Any CPU
		{65AFB915-3A06-4A30-AB31-C2706D2B5D9F}.Debug|Any CPU.Build.0 = Debug|Any CPU
		{65AFB915-3A06-4A30-AB31-C2706D2B5D9F}.Release|Any CPU.ActiveCfg = Release|Any CPU
		{65AFB915-3A06-4A30-AB31-C2706D2B5D9F}.Release|Any CPU.Build.0 = Release|Any CPU
		{DA39C17C-FC32-4CC7-B4C2-E3B685614112}.Debug|Any CPU.ActiveCfg = Debug|Any CPU
		{DA39C17C-FC32-4CC7-B4C2-E3B685614112}.Debug|Any CPU.Build.0 = Debug|Any CPU
		{DA39C17C-FC32-4CC7-B4C2-E3B685614112}.Release|Any CPU.ActiveCfg = Release|Any CPU
		{DA39C17C-FC32-4CC7-B4C2-E3B685614112}.Release|Any CPU.Build.0 = Release|Any CPU
		{5A09B880-DE68-4F11-8B81-0E7F2BBAD47C}.Debug|Any CPU.ActiveCfg = Debug|Any CPU
		{5A09B880-DE68-4F11-8B81-0E7F2BBAD47C}.Debug|Any CPU.Build.0 = Debug|Any CPU
		{5A09B880-DE68-4F11-8B81-0E7F2BBAD47C}.Release|Any CPU.ActiveCfg = Release|Any CPU
		{5A09B880-DE68-4F11-8B81-0E7F2BBAD47C}.Release|Any CPU.Build.0 = Release|Any CPU
		{36851FCC-0C93-4C42-8AB8-49905F1776FA}.Debug|Any CPU.ActiveCfg = Debug|Any CPU
		{36851FCC-0C93-4C42-8AB8-49905F1776FA}.Debug|Any CPU.Build.0 = Debug|Any CPU
		{36851FCC-0C93-4C42-8AB8-49905F1776FA}.Release|Any CPU.ActiveCfg = Release|Any CPU
		{36851FCC-0C93-4C42-8AB8-49905F1776FA}.Release|Any CPU.Build.0 = Release|Any CPU
		{4FC401AF-A2F3-4F0A-8118-FF939E632994}.Debug|Any CPU.ActiveCfg = Debug|Any CPU
		{4FC401AF-A2F3-4F0A-8118-FF939E632994}.Debug|Any CPU.Build.0 = Debug|Any CPU
		{4FC401AF-A2F3-4F0A-8118-FF939E632994}.Release|Any CPU.ActiveCfg = Release|Any CPU
		{4FC401AF-A2F3-4F0A-8118-FF939E632994}.Release|Any CPU.Build.0 = Release|Any CPU
		{674E0D5B-E671-4FC2-8E64-FD9E8E7091F5}.Debug|Any CPU.ActiveCfg = Debug|Any CPU
		{674E0D5B-E671-4FC2-8E64-FD9E8E7091F5}.Debug|Any CPU.Build.0 = Debug|Any CPU
		{674E0D5B-E671-4FC2-8E64-FD9E8E7091F5}.Release|Any CPU.ActiveCfg = Release|Any CPU
		{674E0D5B-E671-4FC2-8E64-FD9E8E7091F5}.Release|Any CPU.Build.0 = Release|Any CPU
		{7FFD6429-4363-40A4-9905-81974CD67759}.Debug|Any CPU.ActiveCfg = Debug|Any CPU
		{7FFD6429-4363-40A4-9905-81974CD67759}.Debug|Any CPU.Build.0 = Debug|Any CPU
		{7FFD6429-4363-40A4-9905-81974CD67759}.Release|Any CPU.ActiveCfg = Release|Any CPU
		{7FFD6429-4363-40A4-9905-81974CD67759}.Release|Any CPU.Build.0 = Release|Any CPU
		{0B2496CB-7C3A-4509-B1EA-0999C8346E9D}.Debug|Any CPU.ActiveCfg = Debug|Any CPU
		{0B2496CB-7C3A-4509-B1EA-0999C8346E9D}.Debug|Any CPU.Build.0 = Debug|Any CPU
		{0B2496CB-7C3A-4509-B1EA-0999C8346E9D}.Release|Any CPU.ActiveCfg = Release|Any CPU
		{0B2496CB-7C3A-4509-B1EA-0999C8346E9D}.Release|Any CPU.Build.0 = Release|Any CPU
		{21981115-C74E-4C29-9F60-B206AFFDB32F}.Debug|Any CPU.ActiveCfg = Debug|Any CPU
		{21981115-C74E-4C29-9F60-B206AFFDB32F}.Debug|Any CPU.Build.0 = Debug|Any CPU
		{21981115-C74E-4C29-9F60-B206AFFDB32F}.Release|Any CPU.ActiveCfg = Release|Any CPU
		{21981115-C74E-4C29-9F60-B206AFFDB32F}.Release|Any CPU.Build.0 = Release|Any CPU
	EndGlobalSection
	GlobalSection(SolutionProperties) = preSolution
		HideSolutionNode = FALSE
	EndGlobalSection
	GlobalSection(NestedProjects) = preSolution
		{A7CFD9AE-1D50-4786-932B-DF34ADBF03D4} = {B49612A8-7E01-43C0-8DF8-F395ACD33E83}
		{76412D15-98E4-4D93-8ADD-DAEFB409BE56} = {B49612A8-7E01-43C0-8DF8-F395ACD33E83}
		{6128B174-F84D-4743-9E7E-80A783F8F7E9} = {B49612A8-7E01-43C0-8DF8-F395ACD33E83}
		{044865D4-A477-4148-A54C-F074332CFF43} = {B49612A8-7E01-43C0-8DF8-F395ACD33E83}
		{F9EDAB30-4004-473D-9372-6062BB8AFFF9} = {B49612A8-7E01-43C0-8DF8-F395ACD33E83}
		{65AFB915-3A06-4A30-AB31-C2706D2B5D9F} = {B49612A8-7E01-43C0-8DF8-F395ACD33E83}
		{DA39C17C-FC32-4CC7-B4C2-E3B685614112} = {B49612A8-7E01-43C0-8DF8-F395ACD33E83}
		{5A09B880-DE68-4F11-8B81-0E7F2BBAD47C} = {9C66B0AE-2A31-4B0E-ACA6-C20480AF702F}
		{36851FCC-0C93-4C42-8AB8-49905F1776FA} = {9C66B0AE-2A31-4B0E-ACA6-C20480AF702F}
		{4FC401AF-A2F3-4F0A-8118-FF939E632994} = {9C66B0AE-2A31-4B0E-ACA6-C20480AF702F}
		{7FFD6429-4363-40A4-9905-81974CD67759} = {9C66B0AE-2A31-4B0E-ACA6-C20480AF702F}
		{0B2496CB-7C3A-4509-B1EA-0999C8346E9D} = {9C66B0AE-2A31-4B0E-ACA6-C20480AF702F}
		{21981115-C74E-4C29-9F60-B206AFFDB32F} = {9C66B0AE-2A31-4B0E-ACA6-C20480AF702F}
	EndGlobalSection
	GlobalSection(ExtensibilityGlobals) = postSolution
		SolutionGuid = {40F64998-3DC2-4F56-BD3E-C463174DE8C2}
	EndGlobalSection
EndGlobal
