
Microsoft Visual Studio Solution File, Format Version 12.00
# Visual Studio 15
VisualStudioVersion = 15.0.28010.2046
MinimumVisualStudioVersion = 10.0.40219.1
Project("{9A19103F-16F7-4668-BE54-9A1E7A4F7556}") = "RhombusOfStars", "RhombusOfStars\RhombusOfStars.csproj", "{2F256E92-C2A3-4922-B6C5-E44041C92EE6}"
EndProject
Project("{9A19103F-16F7-4668-BE54-9A1E7A4F7556}") = "PointInRectangle", "PointInRectangle\PointInRectangle.csproj", "{43C3BFBC-B035-4BD2-B940-432617248B67}"
EndProject
Project("{2150E333-8FDC-42A3-9474-1A3956D46DE8}") = "Lab", "Lab", "{0C432E50-3943-474D-BD86-17BA21EA49D6}"
EndProject
Project("{9A19103F-16F7-4668-BE54-9A1E7A4F7556}") = "StudentSystem", "StudentSystem\StudentSystem.csproj", "{F97BBC55-58D0-48B8-84C9-58260858119B}"
EndProject
Project("{9A19103F-16F7-4668-BE54-9A1E7A4F7556}") = "HotelReservation", "HotelReservation\HotelReservation.csproj", "{784D26F0-3038-41B9-B082-8F08C1AAFF60}"
EndProject
Project("{2150E333-8FDC-42A3-9474-1A3956D46DE8}") = "Exercises", "Exercises", "{E3A0BB5A-4B04-4E65-A40A-AECDEBB93EE7}"
EndProject
Project("{9A19103F-16F7-4668-BE54-9A1E7A4F7556}") = "P01_RawData", "P01_RawData\P01_RawData.csproj", "{7FB2DB58-9D77-484D-80F8-AC0151F32B3E}"
EndProject
Project("{9A19103F-16F7-4668-BE54-9A1E7A4F7556}") = "P02_CarsSalesman", "P02_CarsSalesman\P02_CarsSalesman.csproj", "{2F625C84-D5EF-479F-9C43-48DB3A5DC2D3}"
EndProject
Project("{9A19103F-16F7-4668-BE54-9A1E7A4F7556}") = "P03_JediGalaxy", "P03_JediGalaxy\P03_JediGalaxy.csproj", "{816B19F0-FC59-41AA-9957-FCD2BBAEAD92}"
EndProject
Project("{9A19103F-16F7-4668-BE54-9A1E7A4F7556}") = "P04_Hospital", "P04_Hospital\P04_Hospital.csproj", "{538AEA80-F28C-46B6-95D8-91411430B0EE}"
EndProject
Project("{9A19103F-16F7-4668-BE54-9A1E7A4F7556}") = "P05_GreedyTimes", "P05_GreedyTimes\P05_GreedyTimes.csproj", "{1FB678B1-E034-44F0-88AF-F5C0695958F3}"
EndProject
Project("{9A19103F-16F7-4668-BE54-9A1E7A4F7556}") = "P06_Sneaking", "P06_Sneaking\P06_Sneaking.csproj", "{65E24CE3-8E68-49A3-9695-26C46FEEEF7F}"
EndProject
Project("{9A19103F-16F7-4668-BE54-9A1E7A4F7556}") = "P07_FamilyTree", "P07_FamilyTree\P07_FamilyTree.csproj", "{E516A033-CB79-4AEF-9002-9480B99F3E17}"
EndProject
Global
	GlobalSection(SolutionConfigurationPlatforms) = preSolution
		Debug|Any CPU = Debug|Any CPU
		Release|Any CPU = Release|Any CPU
	EndGlobalSection
	GlobalSection(ProjectConfigurationPlatforms) = postSolution
		{2F256E92-C2A3-4922-B6C5-E44041C92EE6}.Debug|Any CPU.ActiveCfg = Debug|Any CPU
		{2F256E92-C2A3-4922-B6C5-E44041C92EE6}.Debug|Any CPU.Build.0 = Debug|Any CPU
		{2F256E92-C2A3-4922-B6C5-E44041C92EE6}.Release|Any CPU.ActiveCfg = Release|Any CPU
		{2F256E92-C2A3-4922-B6C5-E44041C92EE6}.Release|Any CPU.Build.0 = Release|Any CPU
		{43C3BFBC-B035-4BD2-B940-432617248B67}.Debug|Any CPU.ActiveCfg = Debug|Any CPU
		{43C3BFBC-B035-4BD2-B940-432617248B67}.Debug|Any CPU.Build.0 = Debug|Any CPU
		{43C3BFBC-B035-4BD2-B940-432617248B67}.Release|Any CPU.ActiveCfg = Release|Any CPU
		{43C3BFBC-B035-4BD2-B940-432617248B67}.Release|Any CPU.Build.0 = Release|Any CPU
		{F97BBC55-58D0-48B8-84C9-58260858119B}.Debug|Any CPU.ActiveCfg = Debug|Any CPU
		{F97BBC55-58D0-48B8-84C9-58260858119B}.Debug|Any CPU.Build.0 = Debug|Any CPU
		{F97BBC55-58D0-48B8-84C9-58260858119B}.Release|Any CPU.ActiveCfg = Release|Any CPU
		{F97BBC55-58D0-48B8-84C9-58260858119B}.Release|Any CPU.Build.0 = Release|Any CPU
		{784D26F0-3038-41B9-B082-8F08C1AAFF60}.Debug|Any CPU.ActiveCfg = Debug|Any CPU
		{784D26F0-3038-41B9-B082-8F08C1AAFF60}.Debug|Any CPU.Build.0 = Debug|Any CPU
		{784D26F0-3038-41B9-B082-8F08C1AAFF60}.Release|Any CPU.ActiveCfg = Release|Any CPU
		{784D26F0-3038-41B9-B082-8F08C1AAFF60}.Release|Any CPU.Build.0 = Release|Any CPU
		{7FB2DB58-9D77-484D-80F8-AC0151F32B3E}.Debug|Any CPU.ActiveCfg = Debug|Any CPU
		{7FB2DB58-9D77-484D-80F8-AC0151F32B3E}.Debug|Any CPU.Build.0 = Debug|Any CPU
		{7FB2DB58-9D77-484D-80F8-AC0151F32B3E}.Release|Any CPU.ActiveCfg = Release|Any CPU
		{7FB2DB58-9D77-484D-80F8-AC0151F32B3E}.Release|Any CPU.Build.0 = Release|Any CPU
		{2F625C84-D5EF-479F-9C43-48DB3A5DC2D3}.Debug|Any CPU.ActiveCfg = Debug|Any CPU
		{2F625C84-D5EF-479F-9C43-48DB3A5DC2D3}.Debug|Any CPU.Build.0 = Debug|Any CPU
		{2F625C84-D5EF-479F-9C43-48DB3A5DC2D3}.Release|Any CPU.ActiveCfg = Release|Any CPU
		{2F625C84-D5EF-479F-9C43-48DB3A5DC2D3}.Release|Any CPU.Build.0 = Release|Any CPU
		{816B19F0-FC59-41AA-9957-FCD2BBAEAD92}.Debug|Any CPU.ActiveCfg = Debug|Any CPU
		{816B19F0-FC59-41AA-9957-FCD2BBAEAD92}.Debug|Any CPU.Build.0 = Debug|Any CPU
		{816B19F0-FC59-41AA-9957-FCD2BBAEAD92}.Release|Any CPU.ActiveCfg = Release|Any CPU
		{816B19F0-FC59-41AA-9957-FCD2BBAEAD92}.Release|Any CPU.Build.0 = Release|Any CPU
		{538AEA80-F28C-46B6-95D8-91411430B0EE}.Debug|Any CPU.ActiveCfg = Debug|Any CPU
		{538AEA80-F28C-46B6-95D8-91411430B0EE}.Debug|Any CPU.Build.0 = Debug|Any CPU
		{538AEA80-F28C-46B6-95D8-91411430B0EE}.Release|Any CPU.ActiveCfg = Release|Any CPU
		{538AEA80-F28C-46B6-95D8-91411430B0EE}.Release|Any CPU.Build.0 = Release|Any CPU
		{1FB678B1-E034-44F0-88AF-F5C0695958F3}.Debug|Any CPU.ActiveCfg = Debug|Any CPU
		{1FB678B1-E034-44F0-88AF-F5C0695958F3}.Debug|Any CPU.Build.0 = Debug|Any CPU
		{1FB678B1-E034-44F0-88AF-F5C0695958F3}.Release|Any CPU.ActiveCfg = Release|Any CPU
		{1FB678B1-E034-44F0-88AF-F5C0695958F3}.Release|Any CPU.Build.0 = Release|Any CPU
		{65E24CE3-8E68-49A3-9695-26C46FEEEF7F}.Debug|Any CPU.ActiveCfg = Debug|Any CPU
		{65E24CE3-8E68-49A3-9695-26C46FEEEF7F}.Debug|Any CPU.Build.0 = Debug|Any CPU
		{65E24CE3-8E68-49A3-9695-26C46FEEEF7F}.Release|Any CPU.ActiveCfg = Release|Any CPU
		{65E24CE3-8E68-49A3-9695-26C46FEEEF7F}.Release|Any CPU.Build.0 = Release|Any CPU
		{E516A033-CB79-4AEF-9002-9480B99F3E17}.Debug|Any CPU.ActiveCfg = Debug|Any CPU
		{E516A033-CB79-4AEF-9002-9480B99F3E17}.Debug|Any CPU.Build.0 = Debug|Any CPU
		{E516A033-CB79-4AEF-9002-9480B99F3E17}.Release|Any CPU.ActiveCfg = Release|Any CPU
		{E516A033-CB79-4AEF-9002-9480B99F3E17}.Release|Any CPU.Build.0 = Release|Any CPU
	EndGlobalSection
	GlobalSection(SolutionProperties) = preSolution
		HideSolutionNode = FALSE
	EndGlobalSection
	GlobalSection(NestedProjects) = preSolution
		{2F256E92-C2A3-4922-B6C5-E44041C92EE6} = {0C432E50-3943-474D-BD86-17BA21EA49D6}
		{43C3BFBC-B035-4BD2-B940-432617248B67} = {0C432E50-3943-474D-BD86-17BA21EA49D6}
		{F97BBC55-58D0-48B8-84C9-58260858119B} = {0C432E50-3943-474D-BD86-17BA21EA49D6}
		{784D26F0-3038-41B9-B082-8F08C1AAFF60} = {0C432E50-3943-474D-BD86-17BA21EA49D6}
		{7FB2DB58-9D77-484D-80F8-AC0151F32B3E} = {E3A0BB5A-4B04-4E65-A40A-AECDEBB93EE7}
		{2F625C84-D5EF-479F-9C43-48DB3A5DC2D3} = {E3A0BB5A-4B04-4E65-A40A-AECDEBB93EE7}
		{816B19F0-FC59-41AA-9957-FCD2BBAEAD92} = {E3A0BB5A-4B04-4E65-A40A-AECDEBB93EE7}
		{538AEA80-F28C-46B6-95D8-91411430B0EE} = {E3A0BB5A-4B04-4E65-A40A-AECDEBB93EE7}
		{1FB678B1-E034-44F0-88AF-F5C0695958F3} = {E3A0BB5A-4B04-4E65-A40A-AECDEBB93EE7}
		{65E24CE3-8E68-49A3-9695-26C46FEEEF7F} = {E3A0BB5A-4B04-4E65-A40A-AECDEBB93EE7}
		{E516A033-CB79-4AEF-9002-9480B99F3E17} = {E3A0BB5A-4B04-4E65-A40A-AECDEBB93EE7}
	EndGlobalSection
	GlobalSection(ExtensibilityGlobals) = postSolution
		SolutionGuid = {5FE041F5-42CB-4BFA-BDDE-32DF0823831B}
	EndGlobalSection
EndGlobal
