
Microsoft Visual Studio Solution File, Format Version 12.00
# Visual Studio 15
VisualStudioVersion = 15.0.28010.2050
MinimumVisualStudioVersion = 10.0.40219.1
Project("{FAE04EC0-301F-11D3-BF4B-00C04F79EFBC}") = "GrandPrix", "GrandPrix\GrandPrix.csproj", "{111C6AC9-FBAF-496D-89AF-A4B404D42EEC}"
EndProject
Global
	GlobalSection(SolutionConfigurationPlatforms) = preSolution
		Debug|Any CPU = Debug|Any CPU
		Release|Any CPU = Release|Any CPU
	EndGlobalSection
	GlobalSection(ProjectConfigurationPlatforms) = postSolution
		{111C6AC9-FBAF-496D-89AF-A4B404D42EEC}.Debug|Any CPU.ActiveCfg = Debug|Any CPU
		{111C6AC9-FBAF-496D-89AF-A4B404D42EEC}.Debug|Any CPU.Build.0 = Debug|Any CPU
		{111C6AC9-FBAF-496D-89AF-A4B404D42EEC}.Release|Any CPU.ActiveCfg = Release|Any CPU
		{111C6AC9-FBAF-496D-89AF-A4B404D42EEC}.Release|Any CPU.Build.0 = Release|Any CPU
	EndGlobalSection
	GlobalSection(SolutionProperties) = preSolution
		HideSolutionNode = FALSE
	EndGlobalSection
	GlobalSection(ExtensibilityGlobals) = postSolution
		SolutionGuid = {DA08538A-D2E7-4830-BA68-B96B8A7C3C1D}
	EndGlobalSection
EndGlobal
