
Microsoft Visual Studio Solution File, Format Version 12.00
# Visual Studio 15
VisualStudioVersion = 15.0.28010.2041
MinimumVisualStudioVersion = 10.0.40219.1
Project("{FAE04EC0-301F-11D3-BF4B-00C04F79EFBC}") = "BunkerBuster", "BunkerBuster\BunkerBuster.csproj", "{08EFBBDF-DE71-4730-9243-1E674C30360B}"
EndProject
Project("{FAE04EC0-301F-11D3-BF4B-00C04F79EFBC}") = "ArraySlider", "ArraySlider\ArraySlider.csproj", "{11760A8F-74D8-4C8D-88D8-CA5D1861D312}"
EndProject
Project("{FAE04EC0-301F-11D3-BF4B-00C04F79EFBC}") = "RageQuit", "RageQuit\RageQuit.csproj", "{76798382-6CA8-4B9A-9D70-5452CA6C3D12}"
EndProject
Project("{FAE04EC0-301F-11D3-BF4B-00C04F79EFBC}") = "PopulationCounter", "PopulationCounter\PopulationCounter.csproj", "{4FE75661-9815-428E-9E9F-C01D62277BD7}"
EndProject
Global
	GlobalSection(SolutionConfigurationPlatforms) = preSolution
		Debug|Any CPU = Debug|Any CPU
		Release|Any CPU = Release|Any CPU
	EndGlobalSection
	GlobalSection(ProjectConfigurationPlatforms) = postSolution
		{08EFBBDF-DE71-4730-9243-1E674C30360B}.Debug|Any CPU.ActiveCfg = Debug|Any CPU
		{08EFBBDF-DE71-4730-9243-1E674C30360B}.Debug|Any CPU.Build.0 = Debug|Any CPU
		{08EFBBDF-DE71-4730-9243-1E674C30360B}.Release|Any CPU.ActiveCfg = Release|Any CPU
		{08EFBBDF-DE71-4730-9243-1E674C30360B}.Release|Any CPU.Build.0 = Release|Any CPU
		{11760A8F-74D8-4C8D-88D8-CA5D1861D312}.Debug|Any CPU.ActiveCfg = Debug|Any CPU
		{11760A8F-74D8-4C8D-88D8-CA5D1861D312}.Debug|Any CPU.Build.0 = Debug|Any CPU
		{11760A8F-74D8-4C8D-88D8-CA5D1861D312}.Release|Any CPU.ActiveCfg = Release|Any CPU
		{11760A8F-74D8-4C8D-88D8-CA5D1861D312}.Release|Any CPU.Build.0 = Release|Any CPU
		{76798382-6CA8-4B9A-9D70-5452CA6C3D12}.Debug|Any CPU.ActiveCfg = Debug|Any CPU
		{76798382-6CA8-4B9A-9D70-5452CA6C3D12}.Debug|Any CPU.Build.0 = Debug|Any CPU
		{76798382-6CA8-4B9A-9D70-5452CA6C3D12}.Release|Any CPU.ActiveCfg = Release|Any CPU
		{76798382-6CA8-4B9A-9D70-5452CA6C3D12}.Release|Any CPU.Build.0 = Release|Any CPU
		{4FE75661-9815-428E-9E9F-C01D62277BD7}.Debug|Any CPU.ActiveCfg = Debug|Any CPU
		{4FE75661-9815-428E-9E9F-C01D62277BD7}.Debug|Any CPU.Build.0 = Debug|Any CPU
		{4FE75661-9815-428E-9E9F-C01D62277BD7}.Release|Any CPU.ActiveCfg = Release|Any CPU
		{4FE75661-9815-428E-9E9F-C01D62277BD7}.Release|Any CPU.Build.0 = Release|Any CPU
	EndGlobalSection
	GlobalSection(SolutionProperties) = preSolution
		HideSolutionNode = FALSE
	EndGlobalSection
	GlobalSection(ExtensibilityGlobals) = postSolution
		SolutionGuid = {82CF6667-0BEE-48EB-B750-8C05FA3E4DF6}
	EndGlobalSection
EndGlobal
