
Microsoft Visual Studio Solution File, Format Version 12.00
# Visual Studio 15
VisualStudioVersion = 15.0.28010.2048
MinimumVisualStudioVersion = 10.0.40219.1
Project("{2150E333-8FDC-42A3-9474-1A3956D46DE8}") = "Lab", "Lab", "{20DC81DA-718C-4E12-AD0E-98696FA29718}"
EndProject
Project("{9A19103F-16F7-4668-BE54-9A1E7A4F7556}") = "L1_Shapes", "L1_Shapes\L1_Shapes.csproj", "{92438750-A302-4C0F-91D6-52A04FD3E6D0}"
EndProject
Project("{9A19103F-16F7-4668-BE54-9A1E7A4F7556}") = "L2_Cars", "L2_Cars\L2_Cars.csproj", "{821D9423-7CAE-4084-A1BF-C69972569B2B}"
EndProject
Project("{2150E333-8FDC-42A3-9474-1A3956D46DE8}") = "Exercises", "Exercises", "{7A36FE57-47B6-4EA3-AC36-142E0F1D825B}"
EndProject
Project("{9A19103F-16F7-4668-BE54-9A1E7A4F7556}") = "P1_DefineAnInterfaceIPerson", "P1_DefineAnInterfaceIPerson\P1_DefineAnInterfaceIPerson.csproj", "{D95B134E-A8F1-463E-9477-2A47388F605C}"
EndProject
Project("{9A19103F-16F7-4668-BE54-9A1E7A4F7556}") = "P2_MultipleImplementation", "P2_MultipleImplementation\P2_MultipleImplementation.csproj", "{232B7F94-33F0-4FCD-BA52-D8AED1A7BC36}"
EndProject
Project("{9A19103F-16F7-4668-BE54-9A1E7A4F7556}") = "P3_Ferrari", "P3_Ferrari\P3_Ferrari.csproj", "{793AE657-3BD6-4E90-A101-01554EEAC7E5}"
EndProject
Project("{9A19103F-16F7-4668-BE54-9A1E7A4F7556}") = "P4_Telephony", "P4_Telephony\P4_Telephony.csproj", "{3396B3F5-F245-4B01-A4AF-BF4AB4A9C648}"
EndProject
Project("{9A19103F-16F7-4668-BE54-9A1E7A4F7556}") = "P5_BorderControl", "P5_BorderControl\P5_BorderControl.csproj", "{EAC6BF2C-F4A7-4553-94B8-06B9DB1D8A84}"
EndProject
Project("{9A19103F-16F7-4668-BE54-9A1E7A4F7556}") = "P6_BirthdayCelebrations", "P6_BirthdayCelebrations\P6_BirthdayCelebrations.csproj", "{88569FAB-4BB4-42D8-BB53-70194F920995}"
EndProject
Project("{FAE04EC0-301F-11D3-BF4B-00C04F79EFBC}") = "P7_FoodShortage", "P7_FoodShortage\P7_FoodShortage.csproj", "{D2A06A78-8AFB-4D26-99FE-2C6FEBDDC784}"
EndProject
Project("{FAE04EC0-301F-11D3-BF4B-00C04F79EFBC}") = "P8_MilitaryElite", "P8_MilitaryElite\P8_MilitaryElite.csproj", "{4B98496E-A83E-44EE-9E57-9727DA08D40C}"
EndProject
Project("{FAE04EC0-301F-11D3-BF4B-00C04F79EFBC}") = "P9_CollectionHierarchy", "P9_CollectionHierarchy\P9_CollectionHierarchy.csproj", "{8E2B37AA-7B82-4CF2-B744-960903F9B7D1}"
EndProject
Project("{FAE04EC0-301F-11D3-BF4B-00C04F79EFBC}") = "P10_ExplicitInterfaces", "P10_ExplicitInterfaces\P10_ExplicitInterfaces.csproj", "{28901521-772C-4FFB-9150-B9BB8C11EDF3}"
EndProject
Global
	GlobalSection(SolutionConfigurationPlatforms) = preSolution
		Debug|Any CPU = Debug|Any CPU
		Release|Any CPU = Release|Any CPU
	EndGlobalSection
	GlobalSection(ProjectConfigurationPlatforms) = postSolution
		{92438750-A302-4C0F-91D6-52A04FD3E6D0}.Debug|Any CPU.ActiveCfg = Debug|Any CPU
		{92438750-A302-4C0F-91D6-52A04FD3E6D0}.Debug|Any CPU.Build.0 = Debug|Any CPU
		{92438750-A302-4C0F-91D6-52A04FD3E6D0}.Release|Any CPU.ActiveCfg = Release|Any CPU
		{92438750-A302-4C0F-91D6-52A04FD3E6D0}.Release|Any CPU.Build.0 = Release|Any CPU
		{821D9423-7CAE-4084-A1BF-C69972569B2B}.Debug|Any CPU.ActiveCfg = Debug|Any CPU
		{821D9423-7CAE-4084-A1BF-C69972569B2B}.Debug|Any CPU.Build.0 = Debug|Any CPU
		{821D9423-7CAE-4084-A1BF-C69972569B2B}.Release|Any CPU.ActiveCfg = Release|Any CPU
		{821D9423-7CAE-4084-A1BF-C69972569B2B}.Release|Any CPU.Build.0 = Release|Any CPU
		{D95B134E-A8F1-463E-9477-2A47388F605C}.Debug|Any CPU.ActiveCfg = Debug|Any CPU
		{D95B134E-A8F1-463E-9477-2A47388F605C}.Debug|Any CPU.Build.0 = Debug|Any CPU
		{D95B134E-A8F1-463E-9477-2A47388F605C}.Release|Any CPU.ActiveCfg = Release|Any CPU
		{D95B134E-A8F1-463E-9477-2A47388F605C}.Release|Any CPU.Build.0 = Release|Any CPU
		{232B7F94-33F0-4FCD-BA52-D8AED1A7BC36}.Debug|Any CPU.ActiveCfg = Debug|Any CPU
		{232B7F94-33F0-4FCD-BA52-D8AED1A7BC36}.Debug|Any CPU.Build.0 = Debug|Any CPU
		{232B7F94-33F0-4FCD-BA52-D8AED1A7BC36}.Release|Any CPU.ActiveCfg = Release|Any CPU
		{232B7F94-33F0-4FCD-BA52-D8AED1A7BC36}.Release|Any CPU.Build.0 = Release|Any CPU
		{793AE657-3BD6-4E90-A101-01554EEAC7E5}.Debug|Any CPU.ActiveCfg = Debug|Any CPU
		{793AE657-3BD6-4E90-A101-01554EEAC7E5}.Debug|Any CPU.Build.0 = Debug|Any CPU
		{793AE657-3BD6-4E90-A101-01554EEAC7E5}.Release|Any CPU.ActiveCfg = Release|Any CPU
		{793AE657-3BD6-4E90-A101-01554EEAC7E5}.Release|Any CPU.Build.0 = Release|Any CPU
		{3396B3F5-F245-4B01-A4AF-BF4AB4A9C648}.Debug|Any CPU.ActiveCfg = Debug|Any CPU
		{3396B3F5-F245-4B01-A4AF-BF4AB4A9C648}.Debug|Any CPU.Build.0 = Debug|Any CPU
		{3396B3F5-F245-4B01-A4AF-BF4AB4A9C648}.Release|Any CPU.ActiveCfg = Release|Any CPU
		{3396B3F5-F245-4B01-A4AF-BF4AB4A9C648}.Release|Any CPU.Build.0 = Release|Any CPU
		{EAC6BF2C-F4A7-4553-94B8-06B9DB1D8A84}.Debug|Any CPU.ActiveCfg = Debug|Any CPU
		{EAC6BF2C-F4A7-4553-94B8-06B9DB1D8A84}.Debug|Any CPU.Build.0 = Debug|Any CPU
		{EAC6BF2C-F4A7-4553-94B8-06B9DB1D8A84}.Release|Any CPU.ActiveCfg = Release|Any CPU
		{EAC6BF2C-F4A7-4553-94B8-06B9DB1D8A84}.Release|Any CPU.Build.0 = Release|Any CPU
		{88569FAB-4BB4-42D8-BB53-70194F920995}.Debug|Any CPU.ActiveCfg = Debug|Any CPU
		{88569FAB-4BB4-42D8-BB53-70194F920995}.Debug|Any CPU.Build.0 = Debug|Any CPU
		{88569FAB-4BB4-42D8-BB53-70194F920995}.Release|Any CPU.ActiveCfg = Release|Any CPU
		{88569FAB-4BB4-42D8-BB53-70194F920995}.Release|Any CPU.Build.0 = Release|Any CPU
		{D2A06A78-8AFB-4D26-99FE-2C6FEBDDC784}.Debug|Any CPU.ActiveCfg = Debug|Any CPU
		{D2A06A78-8AFB-4D26-99FE-2C6FEBDDC784}.Debug|Any CPU.Build.0 = Debug|Any CPU
		{D2A06A78-8AFB-4D26-99FE-2C6FEBDDC784}.Release|Any CPU.ActiveCfg = Release|Any CPU
		{D2A06A78-8AFB-4D26-99FE-2C6FEBDDC784}.Release|Any CPU.Build.0 = Release|Any CPU
		{4B98496E-A83E-44EE-9E57-9727DA08D40C}.Debug|Any CPU.ActiveCfg = Debug|Any CPU
		{4B98496E-A83E-44EE-9E57-9727DA08D40C}.Debug|Any CPU.Build.0 = Debug|Any CPU
		{4B98496E-A83E-44EE-9E57-9727DA08D40C}.Release|Any CPU.ActiveCfg = Release|Any CPU
		{4B98496E-A83E-44EE-9E57-9727DA08D40C}.Release|Any CPU.Build.0 = Release|Any CPU
		{8E2B37AA-7B82-4CF2-B744-960903F9B7D1}.Debug|Any CPU.ActiveCfg = Debug|Any CPU
		{8E2B37AA-7B82-4CF2-B744-960903F9B7D1}.Debug|Any CPU.Build.0 = Debug|Any CPU
		{8E2B37AA-7B82-4CF2-B744-960903F9B7D1}.Release|Any CPU.ActiveCfg = Release|Any CPU
		{8E2B37AA-7B82-4CF2-B744-960903F9B7D1}.Release|Any CPU.Build.0 = Release|Any CPU
		{28901521-772C-4FFB-9150-B9BB8C11EDF3}.Debug|Any CPU.ActiveCfg = Debug|Any CPU
		{28901521-772C-4FFB-9150-B9BB8C11EDF3}.Debug|Any CPU.Build.0 = Debug|Any CPU
		{28901521-772C-4FFB-9150-B9BB8C11EDF3}.Release|Any CPU.ActiveCfg = Release|Any CPU
		{28901521-772C-4FFB-9150-B9BB8C11EDF3}.Release|Any CPU.Build.0 = Release|Any CPU
	EndGlobalSection
	GlobalSection(SolutionProperties) = preSolution
		HideSolutionNode = FALSE
	EndGlobalSection
	GlobalSection(NestedProjects) = preSolution
		{92438750-A302-4C0F-91D6-52A04FD3E6D0} = {20DC81DA-718C-4E12-AD0E-98696FA29718}
		{821D9423-7CAE-4084-A1BF-C69972569B2B} = {20DC81DA-718C-4E12-AD0E-98696FA29718}
		{D95B134E-A8F1-463E-9477-2A47388F605C} = {7A36FE57-47B6-4EA3-AC36-142E0F1D825B}
		{232B7F94-33F0-4FCD-BA52-D8AED1A7BC36} = {7A36FE57-47B6-4EA3-AC36-142E0F1D825B}
		{793AE657-3BD6-4E90-A101-01554EEAC7E5} = {7A36FE57-47B6-4EA3-AC36-142E0F1D825B}
		{3396B3F5-F245-4B01-A4AF-BF4AB4A9C648} = {7A36FE57-47B6-4EA3-AC36-142E0F1D825B}
		{EAC6BF2C-F4A7-4553-94B8-06B9DB1D8A84} = {7A36FE57-47B6-4EA3-AC36-142E0F1D825B}
		{88569FAB-4BB4-42D8-BB53-70194F920995} = {7A36FE57-47B6-4EA3-AC36-142E0F1D825B}
		{D2A06A78-8AFB-4D26-99FE-2C6FEBDDC784} = {7A36FE57-47B6-4EA3-AC36-142E0F1D825B}
		{4B98496E-A83E-44EE-9E57-9727DA08D40C} = {7A36FE57-47B6-4EA3-AC36-142E0F1D825B}
		{8E2B37AA-7B82-4CF2-B744-960903F9B7D1} = {7A36FE57-47B6-4EA3-AC36-142E0F1D825B}
		{28901521-772C-4FFB-9150-B9BB8C11EDF3} = {7A36FE57-47B6-4EA3-AC36-142E0F1D825B}
	EndGlobalSection
	GlobalSection(ExtensibilityGlobals) = postSolution
		SolutionGuid = {CB0AC87E-99B9-46DB-9D97-06E93BBE4CD7}
	EndGlobalSection
EndGlobal
