
Microsoft Visual Studio Solution File, Format Version 12.00
# Visual Studio Version 16
VisualStudioVersion = 16.0.28803.452
MinimumVisualStudioVersion = 10.0.40219.1
Project("{9A19103F-16F7-4668-BE54-9A1E7A4F7556}") = "AbaspaBasapa", "AbaspaBasapa\AbaspaBasapa.csproj", "{097EE1C8-60AD-43E4-BA70-CA4F47882095}"
EndProject
Project("{9A19103F-16F7-4668-BE54-9A1E7A4F7556}") = "Balls", "Balls\Balls.csproj", "{31BA3C57-DF51-4854-AC38-D459B9216FBC}"
EndProject
Project("{9A19103F-16F7-4668-BE54-9A1E7A4F7556}") = "BlackMessup", "BlackMessup\BlackMessup.csproj", "{F2E55DCE-38C2-4436-979E-AAA75955FED7}"
EndProject
Project("{FAE04EC0-301F-11D3-BF4B-00C04F79EFBC}") = "GreatestStrategy", "GreatestStrategy\GreatestStrategy.csproj", "{A3BE1E23-9E33-4A15-BAE7-1F08015B4BFC}"
EndProject
Global
	GlobalSection(SolutionConfigurationPlatforms) = preSolution
		Debug|Any CPU = Debug|Any CPU
		Release|Any CPU = Release|Any CPU
	EndGlobalSection
	GlobalSection(ProjectConfigurationPlatforms) = postSolution
		{097EE1C8-60AD-43E4-BA70-CA4F47882095}.Debug|Any CPU.ActiveCfg = Debug|Any CPU
		{097EE1C8-60AD-43E4-BA70-CA4F47882095}.Debug|Any CPU.Build.0 = Debug|Any CPU
		{097EE1C8-60AD-43E4-BA70-CA4F47882095}.Release|Any CPU.ActiveCfg = Release|Any CPU
		{097EE1C8-60AD-43E4-BA70-CA4F47882095}.Release|Any CPU.Build.0 = Release|Any CPU
		{31BA3C57-DF51-4854-AC38-D459B9216FBC}.Debug|Any CPU.ActiveCfg = Debug|Any CPU
		{31BA3C57-DF51-4854-AC38-D459B9216FBC}.Debug|Any CPU.Build.0 = Debug|Any CPU
		{31BA3C57-DF51-4854-AC38-D459B9216FBC}.Release|Any CPU.ActiveCfg = Release|Any CPU
		{31BA3C57-DF51-4854-AC38-D459B9216FBC}.Release|Any CPU.Build.0 = Release|Any CPU
		{F2E55DCE-38C2-4436-979E-AAA75955FED7}.Debug|Any CPU.ActiveCfg = Debug|Any CPU
		{F2E55DCE-38C2-4436-979E-AAA75955FED7}.Debug|Any CPU.Build.0 = Debug|Any CPU
		{F2E55DCE-38C2-4436-979E-AAA75955FED7}.Release|Any CPU.ActiveCfg = Release|Any CPU
		{F2E55DCE-38C2-4436-979E-AAA75955FED7}.Release|Any CPU.Build.0 = Release|Any CPU
		{A3BE1E23-9E33-4A15-BAE7-1F08015B4BFC}.Debug|Any CPU.ActiveCfg = Debug|Any CPU
		{A3BE1E23-9E33-4A15-BAE7-1F08015B4BFC}.Debug|Any CPU.Build.0 = Debug|Any CPU
		{A3BE1E23-9E33-4A15-BAE7-1F08015B4BFC}.Release|Any CPU.ActiveCfg = Release|Any CPU
		{A3BE1E23-9E33-4A15-BAE7-1F08015B4BFC}.Release|Any CPU.Build.0 = Release|Any CPU
	EndGlobalSection
	GlobalSection(SolutionProperties) = preSolution
		HideSolutionNode = FALSE
	EndGlobalSection
	GlobalSection(ExtensibilityGlobals) = postSolution
		SolutionGuid = {D0B3591A-C9E5-4507-9DC1-8B459AA452E4}
	EndGlobalSection
EndGlobal
