
Microsoft Visual Studio Solution File, Format Version 12.00
# Visual Studio 15
VisualStudioVersion = 15.0.28010.2048
MinimumVisualStudioVersion = 10.0.40219.1
Project("{FAE04EC0-301F-11D3-BF4B-00C04F79EFBC}") = "Avatar", "Avatar\Avatar.csproj", "{D09E1B35-1009-4F2F-9166-31E4198F9953}"
EndProject
Global
	GlobalSection(SolutionConfigurationPlatforms) = preSolution
		Debug|Any CPU = Debug|Any CPU
		Release|Any CPU = Release|Any CPU
	EndGlobalSection
	GlobalSection(ProjectConfigurationPlatforms) = postSolution
		{D09E1B35-1009-4F2F-9166-31E4198F9953}.Debug|Any CPU.ActiveCfg = Debug|Any CPU
		{D09E1B35-1009-4F2F-9166-31E4198F9953}.Debug|Any CPU.Build.0 = Debug|Any CPU
		{D09E1B35-1009-4F2F-9166-31E4198F9953}.Release|Any CPU.ActiveCfg = Release|Any CPU
		{D09E1B35-1009-4F2F-9166-31E4198F9953}.Release|Any CPU.Build.0 = Release|Any CPU
	EndGlobalSection
	GlobalSection(SolutionProperties) = preSolution
		HideSolutionNode = FALSE
	EndGlobalSection
	GlobalSection(ExtensibilityGlobals) = postSolution
		SolutionGuid = {A21F193A-B1E6-4042-80C8-C0F853F35B84}
	EndGlobalSection
EndGlobal
