
Microsoft Visual Studio Solution File, Format Version 12.00
# Visual Studio 15
VisualStudioVersion = 15.0.28010.2026
MinimumVisualStudioVersion = 10.0.40219.1
Project("{9A19103F-16F7-4668-BE54-9A1E7A4F7556}") = "MatrixOfPalindromes", "MatrixOfPalindromes\MatrixOfPalindromes.csproj", "{01F9FC2B-0342-45E0-B8A1-30F31E09583B}"
EndProject
Project("{9A19103F-16F7-4668-BE54-9A1E7A4F7556}") = "DiagonalDifference", "DiagonalDifference\DiagonalDifference.csproj", "{55F4910C-111B-4DC3-B9D9-D11D90837E7B}"
EndProject
Project("{9A19103F-16F7-4668-BE54-9A1E7A4F7556}") = "2x2SquaresInMatrix", "2x2SquaresInMatrix\2x2SquaresInMatrix.csproj", "{0C3898F4-2BE4-4582-9EDB-FEB8D7F3FBB5}"
EndProject
Project("{9A19103F-16F7-4668-BE54-9A1E7A4F7556}") = "MaximalSum", "MaximalSum\MaximalSum.csproj", "{77FFEB84-7700-46DF-A41F-A0484086656F}"
EndProject
Project("{9A19103F-16F7-4668-BE54-9A1E7A4F7556}") = "RubiksMatrix", "RubiksMatrix\RubiksMatrix.csproj", "{3F1C2C3A-BB67-4FC1-9FE5-81A3C15D00AE}"
EndProject
Project("{9A19103F-16F7-4668-BE54-9A1E7A4F7556}") = "TargetPractice", "TargetPractice\TargetPractice.csproj", "{125288B8-9F33-43F7-AC65-1D2575A4CC04}"
EndProject
Project("{9A19103F-16F7-4668-BE54-9A1E7A4F7556}") = "LegoBlocks", "LegoBlocks\LegoBlocks.csproj", "{33919673-7030-4F7D-8FF6-60FB6B149AEA}"
EndProject
Project("{9A19103F-16F7-4668-BE54-9A1E7A4F7556}") = "RadioactiveBunnies", "RadioactiveBunnies\RadioactiveBunnies.csproj", "{17700FE0-F077-4304-A043-1118F11DB9B7}"
EndProject
Project("{9A19103F-16F7-4668-BE54-9A1E7A4F7556}") = "Crossfire", "Crossfire\Crossfire.csproj", "{22FD98BB-1159-474E-AEC9-524C75AE04B5}"
EndProject
Project("{9A19103F-16F7-4668-BE54-9A1E7A4F7556}") = "TheHeiganDance", "TheHeiganDance\TheHeiganDance.csproj", "{FE477367-53A9-46FA-B143-5E68B46CB6F8}"
EndProject
Project("{FAE04EC0-301F-11D3-BF4B-00C04F79EFBC}") = "ParkingSystem", "ParkingSystem\ParkingSystem.csproj", "{7E2B57BB-6D1F-4126-B950-02E8ECD0D0C3}"
EndProject
Project("{FAE04EC0-301F-11D3-BF4B-00C04F79EFBC}") = "StringMatrixRotation", "StringMatrixRotation\StringMatrixRotation.csproj", "{400BFC40-ACD7-4AC6-A0A0-1A550332755E}"
EndProject
Global
	GlobalSection(SolutionConfigurationPlatforms) = preSolution
		Debug|Any CPU = Debug|Any CPU
		Release|Any CPU = Release|Any CPU
	EndGlobalSection
	GlobalSection(ProjectConfigurationPlatforms) = postSolution
		{01F9FC2B-0342-45E0-B8A1-30F31E09583B}.Debug|Any CPU.ActiveCfg = Debug|Any CPU
		{01F9FC2B-0342-45E0-B8A1-30F31E09583B}.Debug|Any CPU.Build.0 = Debug|Any CPU
		{01F9FC2B-0342-45E0-B8A1-30F31E09583B}.Release|Any CPU.ActiveCfg = Release|Any CPU
		{01F9FC2B-0342-45E0-B8A1-30F31E09583B}.Release|Any CPU.Build.0 = Release|Any CPU
		{55F4910C-111B-4DC3-B9D9-D11D90837E7B}.Debug|Any CPU.ActiveCfg = Debug|Any CPU
		{55F4910C-111B-4DC3-B9D9-D11D90837E7B}.Debug|Any CPU.Build.0 = Debug|Any CPU
		{55F4910C-111B-4DC3-B9D9-D11D90837E7B}.Release|Any CPU.ActiveCfg = Release|Any CPU
		{55F4910C-111B-4DC3-B9D9-D11D90837E7B}.Release|Any CPU.Build.0 = Release|Any CPU
		{0C3898F4-2BE4-4582-9EDB-FEB8D7F3FBB5}.Debug|Any CPU.ActiveCfg = Debug|Any CPU
		{0C3898F4-2BE4-4582-9EDB-FEB8D7F3FBB5}.Debug|Any CPU.Build.0 = Debug|Any CPU
		{0C3898F4-2BE4-4582-9EDB-FEB8D7F3FBB5}.Release|Any CPU.ActiveCfg = Release|Any CPU
		{0C3898F4-2BE4-4582-9EDB-FEB8D7F3FBB5}.Release|Any CPU.Build.0 = Release|Any CPU
		{77FFEB84-7700-46DF-A41F-A0484086656F}.Debug|Any CPU.ActiveCfg = Debug|Any CPU
		{77FFEB84-7700-46DF-A41F-A0484086656F}.Debug|Any CPU.Build.0 = Debug|Any CPU
		{77FFEB84-7700-46DF-A41F-A0484086656F}.Release|Any CPU.ActiveCfg = Release|Any CPU
		{77FFEB84-7700-46DF-A41F-A0484086656F}.Release|Any CPU.Build.0 = Release|Any CPU
		{3F1C2C3A-BB67-4FC1-9FE5-81A3C15D00AE}.Debug|Any CPU.ActiveCfg = Debug|Any CPU
		{3F1C2C3A-BB67-4FC1-9FE5-81A3C15D00AE}.Debug|Any CPU.Build.0 = Debug|Any CPU
		{3F1C2C3A-BB67-4FC1-9FE5-81A3C15D00AE}.Release|Any CPU.ActiveCfg = Release|Any CPU
		{3F1C2C3A-BB67-4FC1-9FE5-81A3C15D00AE}.Release|Any CPU.Build.0 = Release|Any CPU
		{125288B8-9F33-43F7-AC65-1D2575A4CC04}.Debug|Any CPU.ActiveCfg = Debug|Any CPU
		{125288B8-9F33-43F7-AC65-1D2575A4CC04}.Debug|Any CPU.Build.0 = Debug|Any CPU
		{125288B8-9F33-43F7-AC65-1D2575A4CC04}.Release|Any CPU.ActiveCfg = Release|Any CPU
		{125288B8-9F33-43F7-AC65-1D2575A4CC04}.Release|Any CPU.Build.0 = Release|Any CPU
		{33919673-7030-4F7D-8FF6-60FB6B149AEA}.Debug|Any CPU.ActiveCfg = Debug|Any CPU
		{33919673-7030-4F7D-8FF6-60FB6B149AEA}.Debug|Any CPU.Build.0 = Debug|Any CPU
		{33919673-7030-4F7D-8FF6-60FB6B149AEA}.Release|Any CPU.ActiveCfg = Release|Any CPU
		{33919673-7030-4F7D-8FF6-60FB6B149AEA}.Release|Any CPU.Build.0 = Release|Any CPU
		{17700FE0-F077-4304-A043-1118F11DB9B7}.Debug|Any CPU.ActiveCfg = Debug|Any CPU
		{17700FE0-F077-4304-A043-1118F11DB9B7}.Debug|Any CPU.Build.0 = Debug|Any CPU
		{17700FE0-F077-4304-A043-1118F11DB9B7}.Release|Any CPU.ActiveCfg = Release|Any CPU
		{17700FE0-F077-4304-A043-1118F11DB9B7}.Release|Any CPU.Build.0 = Release|Any CPU
		{22FD98BB-1159-474E-AEC9-524C75AE04B5}.Debug|Any CPU.ActiveCfg = Debug|Any CPU
		{22FD98BB-1159-474E-AEC9-524C75AE04B5}.Debug|Any CPU.Build.0 = Debug|Any CPU
		{22FD98BB-1159-474E-AEC9-524C75AE04B5}.Release|Any CPU.ActiveCfg = Release|Any CPU
		{22FD98BB-1159-474E-AEC9-524C75AE04B5}.Release|Any CPU.Build.0 = Release|Any CPU
		{FE477367-53A9-46FA-B143-5E68B46CB6F8}.Debug|Any CPU.ActiveCfg = Debug|Any CPU
		{FE477367-53A9-46FA-B143-5E68B46CB6F8}.Debug|Any CPU.Build.0 = Debug|Any CPU
		{FE477367-53A9-46FA-B143-5E68B46CB6F8}.Release|Any CPU.ActiveCfg = Release|Any CPU
		{FE477367-53A9-46FA-B143-5E68B46CB6F8}.Release|Any CPU.Build.0 = Release|Any CPU
		{7E2B57BB-6D1F-4126-B950-02E8ECD0D0C3}.Debug|Any CPU.ActiveCfg = Debug|Any CPU
		{7E2B57BB-6D1F-4126-B950-02E8ECD0D0C3}.Debug|Any CPU.Build.0 = Debug|Any CPU
		{7E2B57BB-6D1F-4126-B950-02E8ECD0D0C3}.Release|Any CPU.ActiveCfg = Release|Any CPU
		{7E2B57BB-6D1F-4126-B950-02E8ECD0D0C3}.Release|Any CPU.Build.0 = Release|Any CPU
		{400BFC40-ACD7-4AC6-A0A0-1A550332755E}.Debug|Any CPU.ActiveCfg = Debug|Any CPU
		{400BFC40-ACD7-4AC6-A0A0-1A550332755E}.Debug|Any CPU.Build.0 = Debug|Any CPU
		{400BFC40-ACD7-4AC6-A0A0-1A550332755E}.Release|Any CPU.ActiveCfg = Release|Any CPU
		{400BFC40-ACD7-4AC6-A0A0-1A550332755E}.Release|Any CPU.Build.0 = Release|Any CPU
	EndGlobalSection
	GlobalSection(SolutionProperties) = preSolution
		HideSolutionNode = FALSE
	EndGlobalSection
	GlobalSection(ExtensibilityGlobals) = postSolution
		SolutionGuid = {3D502CD8-C6E2-46AC-92C1-E0DCF1C2A095}
	EndGlobalSection
EndGlobal
