
Microsoft Visual Studio Solution File, Format Version 12.00
# Visual Studio 15
VisualStudioVersion = 15.0.28010.2046
MinimumVisualStudioVersion = 10.0.40219.1
Project("{9A19103F-16F7-4668-BE54-9A1E7A4F7556}") = "L1_SingleInheritance", "L1_SingleInheritance\L1_SingleInheritance.csproj", "{F6B706AC-00CE-4AB4-BA12-9D7A437162CD}"
EndProject
Project("{9A19103F-16F7-4668-BE54-9A1E7A4F7556}") = "L2_MultipleInheritance", "L2_MultipleInheritance\L2_MultipleInheritance.csproj", "{EA414CC8-783A-4180-AEDD-FB894ACE163F}"
EndProject
Project("{9A19103F-16F7-4668-BE54-9A1E7A4F7556}") = "L3_HierarchicalInheritance", "L3_HierarchicalInheritance\L3_HierarchicalInheritance.csproj", "{509904CA-F585-446C-BF86-C99E75035A81}"
EndProject
Project("{9A19103F-16F7-4668-BE54-9A1E7A4F7556}") = "L4_RandomList", "L4_RandomList\L4_RandomList.csproj", "{EECA7D10-278E-4FE3-9B3B-F77060AF6C27}"
EndProject
Project("{9A19103F-16F7-4668-BE54-9A1E7A4F7556}") = "L5_StackOfStrings", "L5_StackOfStrings\L5_StackOfStrings.csproj", "{CFC6D6C3-2359-4438-BC7D-52F9DD5978A4}"
EndProject
Project("{2150E333-8FDC-42A3-9474-1A3956D46DE8}") = "Lab", "Lab", "{82C5B645-6157-4E05-8207-33AC7B3C1BEB}"
EndProject
Project("{2150E333-8FDC-42A3-9474-1A3956D46DE8}") = "Exercises", "Exercises", "{6B1CE288-8F21-42BF-9E00-B311C37FA12A}"
EndProject
Project("{FAE04EC0-301F-11D3-BF4B-00C04F79EFBC}") = "P1_Person", "P1_Person\P1_Person.csproj", "{9DF6B70F-96A5-40BA-AC97-5E8FBB40F281}"
EndProject
Project("{FAE04EC0-301F-11D3-BF4B-00C04F79EFBC}") = "P2_BookShop", "P2_BookShop\P2_BookShop.csproj", "{EFF4F8EA-2E2A-42CB-9B30-4FD0B277634F}"
EndProject
Project("{FAE04EC0-301F-11D3-BF4B-00C04F79EFBC}") = "P3_Mankind", "P3_Mankind\P3_Mankind.csproj", "{0390821A-8081-4AE1-A49F-BDA66E00DE41}"
EndProject
Project("{FAE04EC0-301F-11D3-BF4B-00C04F79EFBC}") = "P4_OnlineRadioDatabase", "P4_OnlineRadioDatabase\P4_OnlineRadioDatabase.csproj", "{24AB561E-B360-4119-AB70-7110D88EAEB5}"
EndProject
Project("{FAE04EC0-301F-11D3-BF4B-00C04F79EFBC}") = "P5_MordorsCruelPlan", "P5_MordorsCruelPlan\P5_MordorsCruelPlan.csproj", "{C2EABEEC-04B4-4835-B9CF-6BAA32963830}"
EndProject
Project("{FAE04EC0-301F-11D3-BF4B-00C04F79EFBC}") = "P6_Animals", "P6_Animals\P6_Animals.csproj", "{860E259A-0A0F-4A2A-B232-7B5A78782C9F}"
EndProject
Global
	GlobalSection(SolutionConfigurationPlatforms) = preSolution
		Debug|Any CPU = Debug|Any CPU
		Release|Any CPU = Release|Any CPU
	EndGlobalSection
	GlobalSection(ProjectConfigurationPlatforms) = postSolution
		{F6B706AC-00CE-4AB4-BA12-9D7A437162CD}.Debug|Any CPU.ActiveCfg = Debug|Any CPU
		{F6B706AC-00CE-4AB4-BA12-9D7A437162CD}.Debug|Any CPU.Build.0 = Debug|Any CPU
		{F6B706AC-00CE-4AB4-BA12-9D7A437162CD}.Release|Any CPU.ActiveCfg = Release|Any CPU
		{F6B706AC-00CE-4AB4-BA12-9D7A437162CD}.Release|Any CPU.Build.0 = Release|Any CPU
		{EA414CC8-783A-4180-AEDD-FB894ACE163F}.Debug|Any CPU.ActiveCfg = Debug|Any CPU
		{EA414CC8-783A-4180-AEDD-FB894ACE163F}.Debug|Any CPU.Build.0 = Debug|Any CPU
		{EA414CC8-783A-4180-AEDD-FB894ACE163F}.Release|Any CPU.ActiveCfg = Release|Any CPU
		{EA414CC8-783A-4180-AEDD-FB894ACE163F}.Release|Any CPU.Build.0 = Release|Any CPU
		{509904CA-F585-446C-BF86-C99E75035A81}.Debug|Any CPU.ActiveCfg = Debug|Any CPU
		{509904CA-F585-446C-BF86-C99E75035A81}.Debug|Any CPU.Build.0 = Debug|Any CPU
		{509904CA-F585-446C-BF86-C99E75035A81}.Release|Any CPU.ActiveCfg = Release|Any CPU
		{509904CA-F585-446C-BF86-C99E75035A81}.Release|Any CPU.Build.0 = Release|Any CPU
		{EECA7D10-278E-4FE3-9B3B-F77060AF6C27}.Debug|Any CPU.ActiveCfg = Debug|Any CPU
		{EECA7D10-278E-4FE3-9B3B-F77060AF6C27}.Debug|Any CPU.Build.0 = Debug|Any CPU
		{EECA7D10-278E-4FE3-9B3B-F77060AF6C27}.Release|Any CPU.ActiveCfg = Release|Any CPU
		{EECA7D10-278E-4FE3-9B3B-F77060AF6C27}.Release|Any CPU.Build.0 = Release|Any CPU
		{CFC6D6C3-2359-4438-BC7D-52F9DD5978A4}.Debug|Any CPU.ActiveCfg = Debug|Any CPU
		{CFC6D6C3-2359-4438-BC7D-52F9DD5978A4}.Debug|Any CPU.Build.0 = Debug|Any CPU
		{CFC6D6C3-2359-4438-BC7D-52F9DD5978A4}.Release|Any CPU.ActiveCfg = Release|Any CPU
		{CFC6D6C3-2359-4438-BC7D-52F9DD5978A4}.Release|Any CPU.Build.0 = Release|Any CPU
		{9DF6B70F-96A5-40BA-AC97-5E8FBB40F281}.Debug|Any CPU.ActiveCfg = Debug|Any CPU
		{9DF6B70F-96A5-40BA-AC97-5E8FBB40F281}.Debug|Any CPU.Build.0 = Debug|Any CPU
		{9DF6B70F-96A5-40BA-AC97-5E8FBB40F281}.Release|Any CPU.ActiveCfg = Release|Any CPU
		{9DF6B70F-96A5-40BA-AC97-5E8FBB40F281}.Release|Any CPU.Build.0 = Release|Any CPU
		{EFF4F8EA-2E2A-42CB-9B30-4FD0B277634F}.Debug|Any CPU.ActiveCfg = Debug|Any CPU
		{EFF4F8EA-2E2A-42CB-9B30-4FD0B277634F}.Debug|Any CPU.Build.0 = Debug|Any CPU
		{EFF4F8EA-2E2A-42CB-9B30-4FD0B277634F}.Release|Any CPU.ActiveCfg = Release|Any CPU
		{EFF4F8EA-2E2A-42CB-9B30-4FD0B277634F}.Release|Any CPU.Build.0 = Release|Any CPU
		{0390821A-8081-4AE1-A49F-BDA66E00DE41}.Debug|Any CPU.ActiveCfg = Debug|Any CPU
		{0390821A-8081-4AE1-A49F-BDA66E00DE41}.Debug|Any CPU.Build.0 = Debug|Any CPU
		{0390821A-8081-4AE1-A49F-BDA66E00DE41}.Release|Any CPU.ActiveCfg = Release|Any CPU
		{0390821A-8081-4AE1-A49F-BDA66E00DE41}.Release|Any CPU.Build.0 = Release|Any CPU
		{24AB561E-B360-4119-AB70-7110D88EAEB5}.Debug|Any CPU.ActiveCfg = Debug|Any CPU
		{24AB561E-B360-4119-AB70-7110D88EAEB5}.Debug|Any CPU.Build.0 = Debug|Any CPU
		{24AB561E-B360-4119-AB70-7110D88EAEB5}.Release|Any CPU.ActiveCfg = Release|Any CPU
		{24AB561E-B360-4119-AB70-7110D88EAEB5}.Release|Any CPU.Build.0 = Release|Any CPU
		{C2EABEEC-04B4-4835-B9CF-6BAA32963830}.Debug|Any CPU.ActiveCfg = Debug|Any CPU
		{C2EABEEC-04B4-4835-B9CF-6BAA32963830}.Debug|Any CPU.Build.0 = Debug|Any CPU
		{C2EABEEC-04B4-4835-B9CF-6BAA32963830}.Release|Any CPU.ActiveCfg = Release|Any CPU
		{C2EABEEC-04B4-4835-B9CF-6BAA32963830}.Release|Any CPU.Build.0 = Release|Any CPU
		{860E259A-0A0F-4A2A-B232-7B5A78782C9F}.Debug|Any CPU.ActiveCfg = Debug|Any CPU
		{860E259A-0A0F-4A2A-B232-7B5A78782C9F}.Debug|Any CPU.Build.0 = Debug|Any CPU
		{860E259A-0A0F-4A2A-B232-7B5A78782C9F}.Release|Any CPU.ActiveCfg = Release|Any CPU
		{860E259A-0A0F-4A2A-B232-7B5A78782C9F}.Release|Any CPU.Build.0 = Release|Any CPU
	EndGlobalSection
	GlobalSection(SolutionProperties) = preSolution
		HideSolutionNode = FALSE
	EndGlobalSection
	GlobalSection(NestedProjects) = preSolution
		{F6B706AC-00CE-4AB4-BA12-9D7A437162CD} = {82C5B645-6157-4E05-8207-33AC7B3C1BEB}
		{EA414CC8-783A-4180-AEDD-FB894ACE163F} = {82C5B645-6157-4E05-8207-33AC7B3C1BEB}
		{509904CA-F585-446C-BF86-C99E75035A81} = {82C5B645-6157-4E05-8207-33AC7B3C1BEB}
		{EECA7D10-278E-4FE3-9B3B-F77060AF6C27} = {82C5B645-6157-4E05-8207-33AC7B3C1BEB}
		{CFC6D6C3-2359-4438-BC7D-52F9DD5978A4} = {82C5B645-6157-4E05-8207-33AC7B3C1BEB}
		{9DF6B70F-96A5-40BA-AC97-5E8FBB40F281} = {6B1CE288-8F21-42BF-9E00-B311C37FA12A}
		{EFF4F8EA-2E2A-42CB-9B30-4FD0B277634F} = {6B1CE288-8F21-42BF-9E00-B311C37FA12A}
		{0390821A-8081-4AE1-A49F-BDA66E00DE41} = {6B1CE288-8F21-42BF-9E00-B311C37FA12A}
		{24AB561E-B360-4119-AB70-7110D88EAEB5} = {6B1CE288-8F21-42BF-9E00-B311C37FA12A}
		{C2EABEEC-04B4-4835-B9CF-6BAA32963830} = {6B1CE288-8F21-42BF-9E00-B311C37FA12A}
		{860E259A-0A0F-4A2A-B232-7B5A78782C9F} = {6B1CE288-8F21-42BF-9E00-B311C37FA12A}
	EndGlobalSection
	GlobalSection(ExtensibilityGlobals) = postSolution
		SolutionGuid = {12A9DB54-C2B7-45E4-8884-48BA305BE92A}
	EndGlobalSection
EndGlobal
