
Microsoft Visual Studio Solution File, Format Version 12.00
# Visual Studio 15
VisualStudioVersion = 15.0.28307.102
MinimumVisualStudioVersion = 10.0.40219.1
Project("{2150E333-8FDC-42A3-9474-1A3956D46DE8}") = "Lab", "Lab", "{E2EAAA09-F17E-428F-B21D-BD6558893187}"
EndProject
Project("{9A19103F-16F7-4668-BE54-9A1E7A4F7556}") = "BoxOfT", "BoxOfT\BoxOfT.csproj", "{C8DB7291-9D36-4682-AB17-2F07CDF81DEF}"
EndProject
Project("{9A19103F-16F7-4668-BE54-9A1E7A4F7556}") = "GenericArrayCreator", "GenericArrayCreator\GenericArrayCreator.csproj", "{ACD3BF04-488E-4AE6-BA6C-2778394FDE68}"
EndProject
Project("{9A19103F-16F7-4668-BE54-9A1E7A4F7556}") = "GenericScale", "GenericScale\GenericScale.csproj", "{66A104CC-4AFA-4CAA-A91C-6BACAC7C9A8F}"
EndProject
Project("{2150E333-8FDC-42A3-9474-1A3956D46DE8}") = "Exercises", "Exercises", "{B4DF781D-7906-4D7C-8001-EF435E86411F}"
EndProject
Project("{9A19103F-16F7-4668-BE54-9A1E7A4F7556}") = "GenericBox", "GenericBox\GenericBox.csproj", "{7A869253-1A01-4B31-AF45-ED4927AC14F4}"
EndProject
Project("{9A19103F-16F7-4668-BE54-9A1E7A4F7556}") = "GenericBoxOfInteger", "GenericBoxOfInteger\GenericBoxOfInteger.csproj", "{DB0ADCE6-CEA7-41B2-89EA-2742376744CF}"
EndProject
Project("{9A19103F-16F7-4668-BE54-9A1E7A4F7556}") = "GenericSwapMethodStrings", "GenericSwapMethodStrings\GenericSwapMethodStrings.csproj", "{B3F05BB3-136D-4581-ABA9-E5756865FFD1}"
EndProject
Project("{9A19103F-16F7-4668-BE54-9A1E7A4F7556}") = "GenericSwapMethodIntegers", "GenericSwapMethodIntegers\GenericSwapMethodIntegers.csproj", "{881FE1F9-0116-4E81-99A5-46B4D592D532}"
EndProject
Project("{9A19103F-16F7-4668-BE54-9A1E7A4F7556}") = "GenericCountMethodString", "GenericCountMethodString\GenericCountMethodString.csproj", "{728871C9-DBE9-4F09-8426-2F816D59FC40}"
EndProject
Project("{9A19103F-16F7-4668-BE54-9A1E7A4F7556}") = "GenericCountMethodDouble", "GenericCountMethodDouble\GenericCountMethodDouble.csproj", "{DC2A8B18-16D5-4B43-B630-7A81435217CE}"
EndProject
Project("{9A19103F-16F7-4668-BE54-9A1E7A4F7556}") = "CustomList", "CustomList\CustomList.csproj", "{013A21C6-65D4-4650-86B5-F59BC6977D71}"
EndProject
Project("{FAE04EC0-301F-11D3-BF4B-00C04F79EFBC}") = "CustomListSorter", "CustomListSorter\CustomListSorter.csproj", "{183410CF-49B6-421B-802F-F68AAD474013}"
EndProject
Project("{FAE04EC0-301F-11D3-BF4B-00C04F79EFBC}") = "CustomListIterator", "CustomListIterator\CustomListIterator.csproj", "{B77708AA-409E-4FD2-BF3C-A069E1CBF6FB}"
EndProject
Project("{FAE04EC0-301F-11D3-BF4B-00C04F79EFBC}") = "TupleExercise", "Tuple\TupleExercise.csproj", "{86031DCB-4203-43D6-AF86-5CA4E0170607}"
EndProject
Project("{FAE04EC0-301F-11D3-BF4B-00C04F79EFBC}") = "ThreeupleExercise", "ThreeupleExercise\ThreeupleExercise.csproj", "{08A6067D-D71A-4D96-A3DD-FA5A4B8F2018}"
EndProject
Global
	GlobalSection(SolutionConfigurationPlatforms) = preSolution
		Debug|Any CPU = Debug|Any CPU
		Release|Any CPU = Release|Any CPU
	EndGlobalSection
	GlobalSection(ProjectConfigurationPlatforms) = postSolution
		{C8DB7291-9D36-4682-AB17-2F07CDF81DEF}.Debug|Any CPU.ActiveCfg = Debug|Any CPU
		{C8DB7291-9D36-4682-AB17-2F07CDF81DEF}.Debug|Any CPU.Build.0 = Debug|Any CPU
		{C8DB7291-9D36-4682-AB17-2F07CDF81DEF}.Release|Any CPU.ActiveCfg = Release|Any CPU
		{C8DB7291-9D36-4682-AB17-2F07CDF81DEF}.Release|Any CPU.Build.0 = Release|Any CPU
		{ACD3BF04-488E-4AE6-BA6C-2778394FDE68}.Debug|Any CPU.ActiveCfg = Debug|Any CPU
		{ACD3BF04-488E-4AE6-BA6C-2778394FDE68}.Debug|Any CPU.Build.0 = Debug|Any CPU
		{ACD3BF04-488E-4AE6-BA6C-2778394FDE68}.Release|Any CPU.ActiveCfg = Release|Any CPU
		{ACD3BF04-488E-4AE6-BA6C-2778394FDE68}.Release|Any CPU.Build.0 = Release|Any CPU
		{66A104CC-4AFA-4CAA-A91C-6BACAC7C9A8F}.Debug|Any CPU.ActiveCfg = Debug|Any CPU
		{66A104CC-4AFA-4CAA-A91C-6BACAC7C9A8F}.Debug|Any CPU.Build.0 = Debug|Any CPU
		{66A104CC-4AFA-4CAA-A91C-6BACAC7C9A8F}.Release|Any CPU.ActiveCfg = Release|Any CPU
		{66A104CC-4AFA-4CAA-A91C-6BACAC7C9A8F}.Release|Any CPU.Build.0 = Release|Any CPU
		{7A869253-1A01-4B31-AF45-ED4927AC14F4}.Debug|Any CPU.ActiveCfg = Debug|Any CPU
		{7A869253-1A01-4B31-AF45-ED4927AC14F4}.Debug|Any CPU.Build.0 = Debug|Any CPU
		{7A869253-1A01-4B31-AF45-ED4927AC14F4}.Release|Any CPU.ActiveCfg = Release|Any CPU
		{7A869253-1A01-4B31-AF45-ED4927AC14F4}.Release|Any CPU.Build.0 = Release|Any CPU
		{DB0ADCE6-CEA7-41B2-89EA-2742376744CF}.Debug|Any CPU.ActiveCfg = Debug|Any CPU
		{DB0ADCE6-CEA7-41B2-89EA-2742376744CF}.Debug|Any CPU.Build.0 = Debug|Any CPU
		{DB0ADCE6-CEA7-41B2-89EA-2742376744CF}.Release|Any CPU.ActiveCfg = Release|Any CPU
		{DB0ADCE6-CEA7-41B2-89EA-2742376744CF}.Release|Any CPU.Build.0 = Release|Any CPU
		{B3F05BB3-136D-4581-ABA9-E5756865FFD1}.Debug|Any CPU.ActiveCfg = Debug|Any CPU
		{B3F05BB3-136D-4581-ABA9-E5756865FFD1}.Debug|Any CPU.Build.0 = Debug|Any CPU
		{B3F05BB3-136D-4581-ABA9-E5756865FFD1}.Release|Any CPU.ActiveCfg = Release|Any CPU
		{B3F05BB3-136D-4581-ABA9-E5756865FFD1}.Release|Any CPU.Build.0 = Release|Any CPU
		{881FE1F9-0116-4E81-99A5-46B4D592D532}.Debug|Any CPU.ActiveCfg = Debug|Any CPU
		{881FE1F9-0116-4E81-99A5-46B4D592D532}.Debug|Any CPU.Build.0 = Debug|Any CPU
		{881FE1F9-0116-4E81-99A5-46B4D592D532}.Release|Any CPU.ActiveCfg = Release|Any CPU
		{881FE1F9-0116-4E81-99A5-46B4D592D532}.Release|Any CPU.Build.0 = Release|Any CPU
		{728871C9-DBE9-4F09-8426-2F816D59FC40}.Debug|Any CPU.ActiveCfg = Debug|Any CPU
		{728871C9-DBE9-4F09-8426-2F816D59FC40}.Debug|Any CPU.Build.0 = Debug|Any CPU
		{728871C9-DBE9-4F09-8426-2F816D59FC40}.Release|Any CPU.ActiveCfg = Release|Any CPU
		{728871C9-DBE9-4F09-8426-2F816D59FC40}.Release|Any CPU.Build.0 = Release|Any CPU
		{DC2A8B18-16D5-4B43-B630-7A81435217CE}.Debug|Any CPU.ActiveCfg = Debug|Any CPU
		{DC2A8B18-16D5-4B43-B630-7A81435217CE}.Debug|Any CPU.Build.0 = Debug|Any CPU
		{DC2A8B18-16D5-4B43-B630-7A81435217CE}.Release|Any CPU.ActiveCfg = Release|Any CPU
		{DC2A8B18-16D5-4B43-B630-7A81435217CE}.Release|Any CPU.Build.0 = Release|Any CPU
		{013A21C6-65D4-4650-86B5-F59BC6977D71}.Debug|Any CPU.ActiveCfg = Debug|Any CPU
		{013A21C6-65D4-4650-86B5-F59BC6977D71}.Debug|Any CPU.Build.0 = Debug|Any CPU
		{013A21C6-65D4-4650-86B5-F59BC6977D71}.Release|Any CPU.ActiveCfg = Release|Any CPU
		{013A21C6-65D4-4650-86B5-F59BC6977D71}.Release|Any CPU.Build.0 = Release|Any CPU
		{183410CF-49B6-421B-802F-F68AAD474013}.Debug|Any CPU.ActiveCfg = Debug|Any CPU
		{183410CF-49B6-421B-802F-F68AAD474013}.Debug|Any CPU.Build.0 = Debug|Any CPU
		{183410CF-49B6-421B-802F-F68AAD474013}.Release|Any CPU.ActiveCfg = Release|Any CPU
		{183410CF-49B6-421B-802F-F68AAD474013}.Release|Any CPU.Build.0 = Release|Any CPU
		{B77708AA-409E-4FD2-BF3C-A069E1CBF6FB}.Debug|Any CPU.ActiveCfg = Debug|Any CPU
		{B77708AA-409E-4FD2-BF3C-A069E1CBF6FB}.Debug|Any CPU.Build.0 = Debug|Any CPU
		{B77708AA-409E-4FD2-BF3C-A069E1CBF6FB}.Release|Any CPU.ActiveCfg = Release|Any CPU
		{B77708AA-409E-4FD2-BF3C-A069E1CBF6FB}.Release|Any CPU.Build.0 = Release|Any CPU
		{86031DCB-4203-43D6-AF86-5CA4E0170607}.Debug|Any CPU.ActiveCfg = Debug|Any CPU
		{86031DCB-4203-43D6-AF86-5CA4E0170607}.Debug|Any CPU.Build.0 = Debug|Any CPU
		{86031DCB-4203-43D6-AF86-5CA4E0170607}.Release|Any CPU.ActiveCfg = Release|Any CPU
		{86031DCB-4203-43D6-AF86-5CA4E0170607}.Release|Any CPU.Build.0 = Release|Any CPU
		{08A6067D-D71A-4D96-A3DD-FA5A4B8F2018}.Debug|Any CPU.ActiveCfg = Debug|Any CPU
		{08A6067D-D71A-4D96-A3DD-FA5A4B8F2018}.Debug|Any CPU.Build.0 = Debug|Any CPU
		{08A6067D-D71A-4D96-A3DD-FA5A4B8F2018}.Release|Any CPU.ActiveCfg = Release|Any CPU
		{08A6067D-D71A-4D96-A3DD-FA5A4B8F2018}.Release|Any CPU.Build.0 = Release|Any CPU
	EndGlobalSection
	GlobalSection(SolutionProperties) = preSolution
		HideSolutionNode = FALSE
	EndGlobalSection
	GlobalSection(NestedProjects) = preSolution
		{C8DB7291-9D36-4682-AB17-2F07CDF81DEF} = {E2EAAA09-F17E-428F-B21D-BD6558893187}
		{ACD3BF04-488E-4AE6-BA6C-2778394FDE68} = {E2EAAA09-F17E-428F-B21D-BD6558893187}
		{66A104CC-4AFA-4CAA-A91C-6BACAC7C9A8F} = {E2EAAA09-F17E-428F-B21D-BD6558893187}
		{7A869253-1A01-4B31-AF45-ED4927AC14F4} = {B4DF781D-7906-4D7C-8001-EF435E86411F}
		{DB0ADCE6-CEA7-41B2-89EA-2742376744CF} = {B4DF781D-7906-4D7C-8001-EF435E86411F}
		{B3F05BB3-136D-4581-ABA9-E5756865FFD1} = {B4DF781D-7906-4D7C-8001-EF435E86411F}
		{881FE1F9-0116-4E81-99A5-46B4D592D532} = {B4DF781D-7906-4D7C-8001-EF435E86411F}
		{728871C9-DBE9-4F09-8426-2F816D59FC40} = {B4DF781D-7906-4D7C-8001-EF435E86411F}
		{DC2A8B18-16D5-4B43-B630-7A81435217CE} = {B4DF781D-7906-4D7C-8001-EF435E86411F}
		{013A21C6-65D4-4650-86B5-F59BC6977D71} = {B4DF781D-7906-4D7C-8001-EF435E86411F}
		{183410CF-49B6-421B-802F-F68AAD474013} = {B4DF781D-7906-4D7C-8001-EF435E86411F}
		{B77708AA-409E-4FD2-BF3C-A069E1CBF6FB} = {B4DF781D-7906-4D7C-8001-EF435E86411F}
		{86031DCB-4203-43D6-AF86-5CA4E0170607} = {B4DF781D-7906-4D7C-8001-EF435E86411F}
		{08A6067D-D71A-4D96-A3DD-FA5A4B8F2018} = {B4DF781D-7906-4D7C-8001-EF435E86411F}
	EndGlobalSection
	GlobalSection(ExtensibilityGlobals) = postSolution
		SolutionGuid = {567D446B-930E-425A-BF21-7A2E186EA304}
	EndGlobalSection
EndGlobal
