
Microsoft Visual Studio Solution File, Format Version 12.00
# Visual Studio 15
VisualStudioVersion = 15.0.28307.438
MinimumVisualStudioVersion = 10.0.40219.1
Project("{9A19103F-16F7-4668-BE54-9A1E7A4F7556}") = "DistanceBetweenVertices", "DistanceBetweenVertices\DistanceBetweenVertices.csproj", "{DEEF4418-8925-4910-A9A2-87F4B1287620}"
EndProject
Project("{9A19103F-16F7-4668-BE54-9A1E7A4F7556}") = "AreasInMatrix", "AreasInMatrix\AreasInMatrix.csproj", "{DB41F629-8BBA-4554-9C41-6D966629146F}"
EndProject
Project("{9A19103F-16F7-4668-BE54-9A1E7A4F7556}") = "CyclesInAGraph", "CyclesInAGraph\CyclesInAGraph.csproj", "{C02FDD95-9095-41BF-93AD-569AB269F557}"
EndProject
Project("{9A19103F-16F7-4668-BE54-9A1E7A4F7556}") = "Salaries", "Salaries\Salaries.csproj", "{5F279628-69AB-4A28-B92A-E26E3A66C244}"
EndProject
Project("{FAE04EC0-301F-11D3-BF4B-00C04F79EFBC}") = "BreakCycles", "BreakCycles\BreakCycles.csproj", "{9F776CDD-866E-4400-B49A-93AAFA715942}"
EndProject
Global
	GlobalSection(SolutionConfigurationPlatforms) = preSolution
		Debug|Any CPU = Debug|Any CPU
		Release|Any CPU = Release|Any CPU
	EndGlobalSection
	GlobalSection(ProjectConfigurationPlatforms) = postSolution
		{DEEF4418-8925-4910-A9A2-87F4B1287620}.Debug|Any CPU.ActiveCfg = Debug|Any CPU
		{DEEF4418-8925-4910-A9A2-87F4B1287620}.Debug|Any CPU.Build.0 = Debug|Any CPU
		{DEEF4418-8925-4910-A9A2-87F4B1287620}.Release|Any CPU.ActiveCfg = Release|Any CPU
		{DEEF4418-8925-4910-A9A2-87F4B1287620}.Release|Any CPU.Build.0 = Release|Any CPU
		{DB41F629-8BBA-4554-9C41-6D966629146F}.Debug|Any CPU.ActiveCfg = Debug|Any CPU
		{DB41F629-8BBA-4554-9C41-6D966629146F}.Debug|Any CPU.Build.0 = Debug|Any CPU
		{DB41F629-8BBA-4554-9C41-6D966629146F}.Release|Any CPU.ActiveCfg = Release|Any CPU
		{DB41F629-8BBA-4554-9C41-6D966629146F}.Release|Any CPU.Build.0 = Release|Any CPU
		{C02FDD95-9095-41BF-93AD-569AB269F557}.Debug|Any CPU.ActiveCfg = Debug|Any CPU
		{C02FDD95-9095-41BF-93AD-569AB269F557}.Debug|Any CPU.Build.0 = Debug|Any CPU
		{C02FDD95-9095-41BF-93AD-569AB269F557}.Release|Any CPU.ActiveCfg = Release|Any CPU
		{C02FDD95-9095-41BF-93AD-569AB269F557}.Release|Any CPU.Build.0 = Release|Any CPU
		{5F279628-69AB-4A28-B92A-E26E3A66C244}.Debug|Any CPU.ActiveCfg = Debug|Any CPU
		{5F279628-69AB-4A28-B92A-E26E3A66C244}.Debug|Any CPU.Build.0 = Debug|Any CPU
		{5F279628-69AB-4A28-B92A-E26E3A66C244}.Release|Any CPU.ActiveCfg = Release|Any CPU
		{5F279628-69AB-4A28-B92A-E26E3A66C244}.Release|Any CPU.Build.0 = Release|Any CPU
		{9F776CDD-866E-4400-B49A-93AAFA715942}.Debug|Any CPU.ActiveCfg = Debug|Any CPU
		{9F776CDD-866E-4400-B49A-93AAFA715942}.Debug|Any CPU.Build.0 = Debug|Any CPU
		{9F776CDD-866E-4400-B49A-93AAFA715942}.Release|Any CPU.ActiveCfg = Release|Any CPU
		{9F776CDD-866E-4400-B49A-93AAFA715942}.Release|Any CPU.Build.0 = Release|Any CPU
	EndGlobalSection
	GlobalSection(SolutionProperties) = preSolution
		HideSolutionNode = FALSE
	EndGlobalSection
	GlobalSection(ExtensibilityGlobals) = postSolution
		SolutionGuid = {223A4E57-3597-4EA8-8EA7-7BC4BE375B25}
	EndGlobalSection
EndGlobal
