
Microsoft Visual Studio Solution File, Format Version 12.00
# Visual Studio 15
VisualStudioVersion = 15.0.28307.438
MinimumVisualStudioVersion = 10.0.40219.1
Project("{FAE04EC0-301F-11D3-BF4B-00C04F79EFBC}") = "ConnectingCables", "..\ConnectingCables\ConnectingCables.csproj", "{0B2D46AE-4ABE-499D-8590-EE20E3ACD73D}"
EndProject
Global
	GlobalSection(SolutionConfigurationPlatforms) = preSolution
		Debug|Any CPU = Debug|Any CPU
		Release|Any CPU = Release|Any CPU
	EndGlobalSection
	GlobalSection(ProjectConfigurationPlatforms) = postSolution
		{0B2D46AE-4ABE-499D-8590-EE20E3ACD73D}.Debug|Any CPU.ActiveCfg = Debug|Any CPU
		{0B2D46AE-4ABE-499D-8590-EE20E3ACD73D}.Debug|Any CPU.Build.0 = Debug|Any CPU
		{0B2D46AE-4ABE-499D-8590-EE20E3ACD73D}.Release|Any CPU.ActiveCfg = Release|Any CPU
		{0B2D46AE-4ABE-499D-8590-EE20E3ACD73D}.Release|Any CPU.Build.0 = Release|Any CPU
	EndGlobalSection
	GlobalSection(SolutionProperties) = preSolution
		HideSolutionNode = FALSE
	EndGlobalSection
	GlobalSection(ExtensibilityGlobals) = postSolution
		SolutionGuid = {696536DC-D1C7-46F7-969F-8E0B4C8EA0A8}
	EndGlobalSection
EndGlobal
