
Microsoft Visual Studio Solution File, Format Version 12.00
# Visual Studio 15
VisualStudioVersion = 15.0.28307.102
MinimumVisualStudioVersion = 10.0.40219.1
Project("{2150E333-8FDC-42A3-9474-1A3956D46DE8}") = "Lab", "Lab", "{49691B3A-6E6E-42B2-A62B-DC1CD5ABD5B1}"
EndProject
Project("{9A19103F-16F7-4668-BE54-9A1E7A4F7556}") = "Library", "Library\Library.csproj", "{CFF200BA-39B1-4216-A731-0DE04BFA2A84}"
EndProject
Project("{9A19103F-16F7-4668-BE54-9A1E7A4F7556}") = "LibraryIterator", "LibraryIterator\LibraryIterator.csproj", "{D757568B-A892-4E4E-9E85-2CC8653D803D}"
EndProject
Project("{9A19103F-16F7-4668-BE54-9A1E7A4F7556}") = "ComparableBook", "ComparableBook\ComparableBook.csproj", "{F3D52C7C-8302-4A23-941D-08EBB43A1242}"
EndProject
Project("{9A19103F-16F7-4668-BE54-9A1E7A4F7556}") = "BookComparer", "BookComparer\BookComparer.csproj", "{2A70BCC1-8F6D-4E17-96E9-04D8483013D6}"
EndProject
Project("{2150E333-8FDC-42A3-9474-1A3956D46DE8}") = "Exercises", "Exercises", "{01CD360F-7172-4134-93D3-DF1B79444144}"
EndProject
Project("{9A19103F-16F7-4668-BE54-9A1E7A4F7556}") = "ListyIterator", "ListyIterator\ListyIterator.csproj", "{CE176A50-4362-4F52-B88D-1C101E68DFE6}"
EndProject
Project("{9A19103F-16F7-4668-BE54-9A1E7A4F7556}") = "Collection", "Collection\Collection.csproj", "{7F4BFDFA-37DC-4674-8026-AD74219BBAC0}"
EndProject
Project("{9A19103F-16F7-4668-BE54-9A1E7A4F7556}") = "Stack", "Stack\Stack.csproj", "{5D6D7130-18A7-47CF-9321-A2516C42B314}"
EndProject
Project("{9A19103F-16F7-4668-BE54-9A1E7A4F7556}") = "Froggy", "Froggy\Froggy.csproj", "{EF542F75-223D-4310-8223-F7964EA481A7}"
EndProject
Project("{9A19103F-16F7-4668-BE54-9A1E7A4F7556}") = "ComparingObjects", "ComparingObjects\ComparingObjects.csproj", "{F1F02BCE-E8C5-46DF-9172-B9DE3A3F9646}"
EndProject
Project("{9A19103F-16F7-4668-BE54-9A1E7A4F7556}") = "StrategyPattern", "StrategyPattern\StrategyPattern.csproj", "{732A730B-4DBA-4628-8B04-B2BAF52593F7}"
EndProject
Project("{9A19103F-16F7-4668-BE54-9A1E7A4F7556}") = "EqualityLogic", "EqualityLogic\EqualityLogic.csproj", "{D1A02171-65A9-4E6E-A938-C61A59E42FD6}"
EndProject
Project("{FAE04EC0-301F-11D3-BF4B-00C04F79EFBC}") = "PetClinics", "PetClinics\PetClinics.csproj", "{DBDBBAA2-0BB1-48CA-80B9-60D87A004035}"
EndProject
Project("{FAE04EC0-301F-11D3-BF4B-00C04F79EFBC}") = "LinkedListTraversal", "LinkedListTraversal\LinkedListTraversal.csproj", "{A7265435-9A8B-4D8A-909D-B288AE0FB0A6}"
EndProject
Global
	GlobalSection(SolutionConfigurationPlatforms) = preSolution
		Debug|Any CPU = Debug|Any CPU
		Release|Any CPU = Release|Any CPU
	EndGlobalSection
	GlobalSection(ProjectConfigurationPlatforms) = postSolution
		{CFF200BA-39B1-4216-A731-0DE04BFA2A84}.Debug|Any CPU.ActiveCfg = Debug|Any CPU
		{CFF200BA-39B1-4216-A731-0DE04BFA2A84}.Debug|Any CPU.Build.0 = Debug|Any CPU
		{CFF200BA-39B1-4216-A731-0DE04BFA2A84}.Release|Any CPU.ActiveCfg = Release|Any CPU
		{CFF200BA-39B1-4216-A731-0DE04BFA2A84}.Release|Any CPU.Build.0 = Release|Any CPU
		{D757568B-A892-4E4E-9E85-2CC8653D803D}.Debug|Any CPU.ActiveCfg = Debug|Any CPU
		{D757568B-A892-4E4E-9E85-2CC8653D803D}.Debug|Any CPU.Build.0 = Debug|Any CPU
		{D757568B-A892-4E4E-9E85-2CC8653D803D}.Release|Any CPU.ActiveCfg = Release|Any CPU
		{D757568B-A892-4E4E-9E85-2CC8653D803D}.Release|Any CPU.Build.0 = Release|Any CPU
		{F3D52C7C-8302-4A23-941D-08EBB43A1242}.Debug|Any CPU.ActiveCfg = Debug|Any CPU
		{F3D52C7C-8302-4A23-941D-08EBB43A1242}.Debug|Any CPU.Build.0 = Debug|Any CPU
		{F3D52C7C-8302-4A23-941D-08EBB43A1242}.Release|Any CPU.ActiveCfg = Release|Any CPU
		{F3D52C7C-8302-4A23-941D-08EBB43A1242}.Release|Any CPU.Build.0 = Release|Any CPU
		{2A70BCC1-8F6D-4E17-96E9-04D8483013D6}.Debug|Any CPU.ActiveCfg = Debug|Any CPU
		{2A70BCC1-8F6D-4E17-96E9-04D8483013D6}.Debug|Any CPU.Build.0 = Debug|Any CPU
		{2A70BCC1-8F6D-4E17-96E9-04D8483013D6}.Release|Any CPU.ActiveCfg = Release|Any CPU
		{2A70BCC1-8F6D-4E17-96E9-04D8483013D6}.Release|Any CPU.Build.0 = Release|Any CPU
		{CE176A50-4362-4F52-B88D-1C101E68DFE6}.Debug|Any CPU.ActiveCfg = Debug|Any CPU
		{CE176A50-4362-4F52-B88D-1C101E68DFE6}.Debug|Any CPU.Build.0 = Debug|Any CPU
		{CE176A50-4362-4F52-B88D-1C101E68DFE6}.Release|Any CPU.ActiveCfg = Release|Any CPU
		{CE176A50-4362-4F52-B88D-1C101E68DFE6}.Release|Any CPU.Build.0 = Release|Any CPU
		{7F4BFDFA-37DC-4674-8026-AD74219BBAC0}.Debug|Any CPU.ActiveCfg = Debug|Any CPU
		{7F4BFDFA-37DC-4674-8026-AD74219BBAC0}.Debug|Any CPU.Build.0 = Debug|Any CPU
		{7F4BFDFA-37DC-4674-8026-AD74219BBAC0}.Release|Any CPU.ActiveCfg = Release|Any CPU
		{7F4BFDFA-37DC-4674-8026-AD74219BBAC0}.Release|Any CPU.Build.0 = Release|Any CPU
		{5D6D7130-18A7-47CF-9321-A2516C42B314}.Debug|Any CPU.ActiveCfg = Debug|Any CPU
		{5D6D7130-18A7-47CF-9321-A2516C42B314}.Debug|Any CPU.Build.0 = Debug|Any CPU
		{5D6D7130-18A7-47CF-9321-A2516C42B314}.Release|Any CPU.ActiveCfg = Release|Any CPU
		{5D6D7130-18A7-47CF-9321-A2516C42B314}.Release|Any CPU.Build.0 = Release|Any CPU
		{EF542F75-223D-4310-8223-F7964EA481A7}.Debug|Any CPU.ActiveCfg = Debug|Any CPU
		{EF542F75-223D-4310-8223-F7964EA481A7}.Debug|Any CPU.Build.0 = Debug|Any CPU
		{EF542F75-223D-4310-8223-F7964EA481A7}.Release|Any CPU.ActiveCfg = Release|Any CPU
		{EF542F75-223D-4310-8223-F7964EA481A7}.Release|Any CPU.Build.0 = Release|Any CPU
		{F1F02BCE-E8C5-46DF-9172-B9DE3A3F9646}.Debug|Any CPU.ActiveCfg = Debug|Any CPU
		{F1F02BCE-E8C5-46DF-9172-B9DE3A3F9646}.Debug|Any CPU.Build.0 = Debug|Any CPU
		{F1F02BCE-E8C5-46DF-9172-B9DE3A3F9646}.Release|Any CPU.ActiveCfg = Release|Any CPU
		{F1F02BCE-E8C5-46DF-9172-B9DE3A3F9646}.Release|Any CPU.Build.0 = Release|Any CPU
		{732A730B-4DBA-4628-8B04-B2BAF52593F7}.Debug|Any CPU.ActiveCfg = Debug|Any CPU
		{732A730B-4DBA-4628-8B04-B2BAF52593F7}.Debug|Any CPU.Build.0 = Debug|Any CPU
		{732A730B-4DBA-4628-8B04-B2BAF52593F7}.Release|Any CPU.ActiveCfg = Release|Any CPU
		{732A730B-4DBA-4628-8B04-B2BAF52593F7}.Release|Any CPU.Build.0 = Release|Any CPU
		{D1A02171-65A9-4E6E-A938-C61A59E42FD6}.Debug|Any CPU.ActiveCfg = Debug|Any CPU
		{D1A02171-65A9-4E6E-A938-C61A59E42FD6}.Debug|Any CPU.Build.0 = Debug|Any CPU
		{D1A02171-65A9-4E6E-A938-C61A59E42FD6}.Release|Any CPU.ActiveCfg = Release|Any CPU
		{D1A02171-65A9-4E6E-A938-C61A59E42FD6}.Release|Any CPU.Build.0 = Release|Any CPU
		{DBDBBAA2-0BB1-48CA-80B9-60D87A004035}.Debug|Any CPU.ActiveCfg = Debug|Any CPU
		{DBDBBAA2-0BB1-48CA-80B9-60D87A004035}.Debug|Any CPU.Build.0 = Debug|Any CPU
		{DBDBBAA2-0BB1-48CA-80B9-60D87A004035}.Release|Any CPU.ActiveCfg = Release|Any CPU
		{DBDBBAA2-0BB1-48CA-80B9-60D87A004035}.Release|Any CPU.Build.0 = Release|Any CPU
		{A7265435-9A8B-4D8A-909D-B288AE0FB0A6}.Debug|Any CPU.ActiveCfg = Debug|Any CPU
		{A7265435-9A8B-4D8A-909D-B288AE0FB0A6}.Debug|Any CPU.Build.0 = Debug|Any CPU
		{A7265435-9A8B-4D8A-909D-B288AE0FB0A6}.Release|Any CPU.ActiveCfg = Release|Any CPU
		{A7265435-9A8B-4D8A-909D-B288AE0FB0A6}.Release|Any CPU.Build.0 = Release|Any CPU
	EndGlobalSection
	GlobalSection(SolutionProperties) = preSolution
		HideSolutionNode = FALSE
	EndGlobalSection
	GlobalSection(NestedProjects) = preSolution
		{CFF200BA-39B1-4216-A731-0DE04BFA2A84} = {49691B3A-6E6E-42B2-A62B-DC1CD5ABD5B1}
		{D757568B-A892-4E4E-9E85-2CC8653D803D} = {49691B3A-6E6E-42B2-A62B-DC1CD5ABD5B1}
		{F3D52C7C-8302-4A23-941D-08EBB43A1242} = {49691B3A-6E6E-42B2-A62B-DC1CD5ABD5B1}
		{2A70BCC1-8F6D-4E17-96E9-04D8483013D6} = {49691B3A-6E6E-42B2-A62B-DC1CD5ABD5B1}
		{CE176A50-4362-4F52-B88D-1C101E68DFE6} = {01CD360F-7172-4134-93D3-DF1B79444144}
		{7F4BFDFA-37DC-4674-8026-AD74219BBAC0} = {01CD360F-7172-4134-93D3-DF1B79444144}
		{5D6D7130-18A7-47CF-9321-A2516C42B314} = {01CD360F-7172-4134-93D3-DF1B79444144}
		{EF542F75-223D-4310-8223-F7964EA481A7} = {01CD360F-7172-4134-93D3-DF1B79444144}
		{F1F02BCE-E8C5-46DF-9172-B9DE3A3F9646} = {01CD360F-7172-4134-93D3-DF1B79444144}
		{732A730B-4DBA-4628-8B04-B2BAF52593F7} = {01CD360F-7172-4134-93D3-DF1B79444144}
		{D1A02171-65A9-4E6E-A938-C61A59E42FD6} = {01CD360F-7172-4134-93D3-DF1B79444144}
		{DBDBBAA2-0BB1-48CA-80B9-60D87A004035} = {01CD360F-7172-4134-93D3-DF1B79444144}
		{A7265435-9A8B-4D8A-909D-B288AE0FB0A6} = {01CD360F-7172-4134-93D3-DF1B79444144}
	EndGlobalSection
	GlobalSection(ExtensibilityGlobals) = postSolution
		SolutionGuid = {98AA466C-15A3-435E-A4D2-10BBB4CBAFED}
	EndGlobalSection
EndGlobal
